
Microsoft Visual Studio Solution File, Format Version 12.00
# Visual Studio Version 16
VisualStudioVersion = 16.6.30114.105
MinimumVisualStudioVersion = 10.0.40219.1
Project("{FAE04EC0-301F-11D3-BF4B-00C04F79EFBC}") = "R5T.D0113.A001", "R5T.D0113.A001\R5T.D0113.A001.csproj", "{66B04AC5-56D7-4FC2-A656-291DCF60D1CB}"
EndProject
Project("{FAE04EC0-301F-11D3-BF4B-00C04F79EFBC}") = "R5T.D0113.I001", "R5T.D0113.I001\R5T.D0113.I001.csproj", "{E594CBBB-8461-4838-B3A5-41FC2CC2E645}"
EndProject
Project("{FAE04EC0-301F-11D3-BF4B-00C04F79EFBC}") = "R5T.D0113.Base", "R5T.D0113.Base\R5T.D0113.Base.csproj", "{B647C45F-2E2A-41C5-A43C-8223E17BD045}"
EndProject
Project("{2150E333-8FDC-42A3-9474-1A3956D46DE8}") = "_Dependencies", "_Dependencies", "{5B46A342-48C9-4EB7-82C0-47B4A2E34137}"
EndProject
Project("{FAE04EC0-301F-11D3-BF4B-00C04F79EFBC}") = "R5T.Dacia.Extensions", "..\..\R5T.Dacia.Extensions\source\R5T.Dacia.Extensions\R5T.Dacia.Extensions.csproj", "{B10A2B46-26E8-4FC7-AF8E-84EFD5BAB1D8}"
EndProject
Project("{FAE04EC0-301F-11D3-BF4B-00C04F79EFBC}") = "R5T.Dacia.T002", "..\..\R5T.Dacia\source\R5T.Dacia.T002\R5T.Dacia.T002.csproj", "{A50D1FE8-0BD4-4F30-A56F-AF97C9A8D3CE}"
EndProject
Global
	GlobalSection(SolutionConfigurationPlatforms) = preSolution
		Debug|Any CPU = Debug|Any CPU
		Debug|x64 = Debug|x64
		Debug|x86 = Debug|x86
		Release|Any CPU = Release|Any CPU
		Release|x64 = Release|x64
		Release|x86 = Release|x86
	EndGlobalSection
	GlobalSection(SolutionProperties) = preSolution
		HideSolutionNode = FALSE
	EndGlobalSection
	GlobalSection(ProjectConfigurationPlatforms) = postSolution
		{66B04AC5-56D7-4FC2-A656-291DCF60D1CB}.Debug|Any CPU.ActiveCfg = Debug|Any CPU
		{66B04AC5-56D7-4FC2-A656-291DCF60D1CB}.Debug|Any CPU.Build.0 = Debug|Any CPU
		{66B04AC5-56D7-4FC2-A656-291DCF60D1CB}.Debug|x64.ActiveCfg = Debug|Any CPU
		{66B04AC5-56D7-4FC2-A656-291DCF60D1CB}.Debug|x64.Build.0 = Debug|Any CPU
		{66B04AC5-56D7-4FC2-A656-291DCF60D1CB}.Debug|x86.ActiveCfg = Debug|Any CPU
		{66B04AC5-56D7-4FC2-A656-291DCF60D1CB}.Debug|x86.Build.0 = Debug|Any CPU
		{66B04AC5-56D7-4FC2-A656-291DCF60D1CB}.Release|Any CPU.ActiveCfg = Release|Any CPU
		{66B04AC5-56D7-4FC2-A656-291DCF60D1CB}.Release|Any CPU.Build.0 = Release|Any CPU
		{66B04AC5-56D7-4FC2-A656-291DCF60D1CB}.Release|x64.ActiveCfg = Release|Any CPU
		{66B04AC5-56D7-4FC2-A656-291DCF60D1CB}.Release|x64.Build.0 = Release|Any CPU
		{66B04AC5-56D7-4FC2-A656-291DCF60D1CB}.Release|x86.ActiveCfg = Release|Any CPU
		{66B04AC5-56D7-4FC2-A656-291DCF60D1CB}.Release|x86.Build.0 = Release|Any CPU
		{E594CBBB-8461-4838-B3A5-41FC2CC2E645}.Debug|Any CPU.ActiveCfg = Debug|Any CPU
		{E594CBBB-8461-4838-B3A5-41FC2CC2E645}.Debug|Any CPU.Build.0 = Debug|Any CPU
		{E594CBBB-8461-4838-B3A5-41FC2CC2E645}.Debug|x64.ActiveCfg = Debug|Any CPU
		{E594CBBB-8461-4838-B3A5-41FC2CC2E645}.Debug|x64.Build.0 = Debug|Any CPU
		{E594CBBB-8461-4838-B3A5-41FC2CC2E645}.Debug|x86.ActiveCfg = Debug|Any CPU
		{E594CBBB-8461-4838-B3A5-41FC2CC2E645}.Debug|x86.Build.0 = Debug|Any CPU
		{E594CBBB-8461-4838-B3A5-41FC2CC2E645}.Release|Any CPU.ActiveCfg = Release|Any CPU
		{E594CBBB-8461-4838-B3A5-41FC2CC2E645}.Release|Any CPU.Build.0 = Release|Any CPU
		{E594CBBB-8461-4838-B3A5-41FC2CC2E645}.Release|x64.ActiveCfg = Release|Any CPU
		{E594CBBB-8461-4838-B3A5-41FC2CC2E645}.Release|x64.Build.0 = Release|Any CPU
		{E594CBBB-8461-4838-B3A5-41FC2CC2E645}.Release|x86.ActiveCfg = Release|Any CPU
		{E594CBBB-8461-4838-B3A5-41FC2CC2E645}.Release|x86.Build.0 = Release|Any CPU
		{B647C45F-2E2A-41C5-A43C-8223E17BD045}.Debug|Any CPU.ActiveCfg = Debug|Any CPU
		{B647C45F-2E2A-41C5-A43C-8223E17BD045}.Debug|Any CPU.Build.0 = Debug|Any CPU
		{B647C45F-2E2A-41C5-A43C-8223E17BD045}.Debug|x64.ActiveCfg = Debug|Any CPU
		{B647C45F-2E2A-41C5-A43C-8223E17BD045}.Debug|x64.Build.0 = Debug|Any CPU
		{B647C45F-2E2A-41C5-A43C-8223E17BD045}.Debug|x86.ActiveCfg = Debug|Any CPU
		{B647C45F-2E2A-41C5-A43C-8223E17BD045}.Debug|x86.Build.0 = Debug|Any CPU
		{B647C45F-2E2A-41C5-A43C-8223E17BD045}.Release|Any CPU.ActiveCfg = Release|Any CPU
		{B647C45F-2E2A-41C5-A43C-8223E17BD045}.Release|Any CPU.Build.0 = Release|Any CPU
		{B647C45F-2E2A-41C5-A43C-8223E17BD045}.Release|x64.ActiveCfg = Release|Any CPU
		{B647C45F-2E2A-41C5-A43C-8223E17BD045}.Release|x64.Build.0 = Release|Any CPU
		{B647C45F-2E2A-41C5-A43C-8223E17BD045}.Release|x86.ActiveCfg = Release|Any CPU
		{B647C45F-2E2A-41C5-A43C-8223E17BD045}.Release|x86.Build.0 = Release|Any CPU
		{B10A2B46-26E8-4FC7-AF8E-84EFD5BAB1D8}.Debug|Any CPU.ActiveCfg = Debug|Any CPU
		{B10A2B46-26E8-4FC7-AF8E-84EFD5BAB1D8}.Debug|Any CPU.Build.0 = Debug|Any CPU
		{B10A2B46-26E8-4FC7-AF8E-84EFD5BAB1D8}.Debug|x64.ActiveCfg = Debug|Any CPU
		{B10A2B46-26E8-4FC7-AF8E-84EFD5BAB1D8}.Debug|x64.Build.0 = Debug|Any CPU
		{B10A2B46-26E8-4FC7-AF8E-84EFD5BAB1D8}.Debug|x86.ActiveCfg = Debug|Any CPU
		{B10A2B46-26E8-4FC7-AF8E-84EFD5BAB1D8}.Debug|x86.Build.0 = Debug|Any CPU
		{B10A2B46-26E8-4FC7-AF8E-84EFD5BAB1D8}.Release|Any CPU.ActiveCfg = Release|Any CPU
		{B10A2B46-26E8-4FC7-AF8E-84EFD5BAB1D8}.Release|Any CPU.Build.0 = Release|Any CPU
		{B10A2B46-26E8-4FC7-AF8E-84EFD5BAB1D8}.Release|x64.ActiveCfg = Release|Any CPU
		{B10A2B46-26E8-4FC7-AF8E-84EFD5BAB1D8}.Release|x64.Build.0 = Release|Any CPU
		{B10A2B46-26E8-4FC7-AF8E-84EFD5BAB1D8}.Release|x86.ActiveCfg = Release|Any CPU
		{B10A2B46-26E8-4FC7-AF8E-84EFD5BAB1D8}.Release|x86.Build.0 = Release|Any CPU
		{A50D1FE8-0BD4-4F30-A56F-AF97C9A8D3CE}.Debug|Any CPU.ActiveCfg = Debug|Any CPU
		{A50D1FE8-0BD4-4F30-A56F-AF97C9A8D3CE}.Debug|Any CPU.Build.0 = Debug|Any CPU
		{A50D1FE8-0BD4-4F30-A56F-AF97C9A8D3CE}.Debug|x64.ActiveCfg = Debug|Any CPU
		{A50D1FE8-0BD4-4F30-A56F-AF97C9A8D3CE}.Debug|x64.Build.0 = Debug|Any CPU
		{A50D1FE8-0BD4-4F30-A56F-AF97C9A8D3CE}.Debug|x86.ActiveCfg = Debug|Any CPU
		{A50D1FE8-0BD4-4F30-A56F-AF97C9A8D3CE}.Debug|x86.Build.0 = Debug|Any CPU
		{A50D1FE8-0BD4-4F30-A56F-AF97C9A8D3CE}.Release|Any CPU.ActiveCfg = Release|Any CPU
		{A50D1FE8-0BD4-4F30-A56F-AF97C9A8D3CE}.Release|Any CPU.Build.0 = Release|Any CPU
		{A50D1FE8-0BD4-4F30-A56F-AF97C9A8D3CE}.Release|x64.ActiveCfg = Release|Any CPU
		{A50D1FE8-0BD4-4F30-A56F-AF97C9A8D3CE}.Release|x64.Build.0 = Release|Any CPU
		{A50D1FE8-0BD4-4F30-A56F-AF97C9A8D3CE}.Release|x86.ActiveCfg = Release|Any CPU
		{A50D1FE8-0BD4-4F30-A56F-AF97C9A8D3CE}.Release|x86.Build.0 = Release|Any CPU
	EndGlobalSection
	GlobalSection(NestedProjects) = preSolution
		{B10A2B46-26E8-4FC7-AF8E-84EFD5BAB1D8} = {5B46A342-48C9-4EB7-82C0-47B4A2E34137}
		{A50D1FE8-0BD4-4F30-A56F-AF97C9A8D3CE} = {5B46A342-48C9-4EB7-82C0-47B4A2E34137}
	EndGlobalSection
EndGlobal
