
Microsoft Visual Studio Solution File, Format Version 12.00
# Visual Studio Version 16
VisualStudioVersion = 16.6.30114.105
MinimumVisualStudioVersion = 10.0.40219.1
Project("{FAE04EC0-301F-11D3-BF4B-00C04F79EFBC}") = "R5T.D0113.Construction", "R5T.D0113.Construction\R5T.D0113.Construction.csproj", "{C5B5AB90-4B92-4932-850A-8A22B9713E21}"
EndProject
Project("{2150E333-8FDC-42A3-9474-1A3956D46DE8}") = "_Dependencies", "_Dependencies", "{34F59C62-C025-4036-BC84-2763D4799CCC}"
EndProject
Project("{FAE04EC0-301F-11D3-BF4B-00C04F79EFBC}") = "R5T.Plymouth.ProgramAsAService", "..\..\R5T.Plymouth\source\R5T.Plymouth.ProgramAsAService\R5T.Plymouth.ProgramAsAService.csproj", "{950BB146-F5EB-4FA2-A793-48D9F941CF0B}"
EndProject
Project("{FAE04EC0-301F-11D3-BF4B-00C04F79EFBC}") = "R5T.T0027.T009", "..\..\R5T.T0027\source\R5T.T0027.T009\R5T.T0027.T009.csproj", "{86CA1C06-A377-4141-9180-C77178A155F8}"
EndProject
Project("{FAE04EC0-301F-11D3-BF4B-00C04F79EFBC}") = "R5T.D0113.I001", "R5T.D0113.I001\R5T.D0113.I001.csproj", "{FCAB9B89-05A2-4FD9-8DC7-240986BE8285}"
EndProject
Project("{FAE04EC0-301F-11D3-BF4B-00C04F79EFBC}") = "R5T.D0113.Base", "R5T.D0113.Base\R5T.D0113.Base.csproj", "{A09CBFDE-DB9B-4AA2-93F8-6B5E7BAC5F71}"
EndProject
Project("{FAE04EC0-301F-11D3-BF4B-00C04F79EFBC}") = "R5T.Dacia.Extensions", "..\..\R5T.Dacia.Extensions\source\R5T.Dacia.Extensions\R5T.Dacia.Extensions.csproj", "{CCACB1B6-0B84-4D64-879B-CDD77FCBECF4}"
EndProject
Project("{FAE04EC0-301F-11D3-BF4B-00C04F79EFBC}") = "R5T.Dacia.T002", "..\..\R5T.Dacia\source\R5T.Dacia.T002\R5T.Dacia.T002.csproj", "{D2AA68C7-8B89-40B3-8AC0-179371180CC0}"
EndProject
Global
	GlobalSection(SolutionConfigurationPlatforms) = preSolution
		Debug|Any CPU = Debug|Any CPU
		Debug|x64 = Debug|x64
		Debug|x86 = Debug|x86
		Release|Any CPU = Release|Any CPU
		Release|x64 = Release|x64
		Release|x86 = Release|x86
	EndGlobalSection
	GlobalSection(SolutionProperties) = preSolution
		HideSolutionNode = FALSE
	EndGlobalSection
	GlobalSection(ProjectConfigurationPlatforms) = postSolution
		{C5B5AB90-4B92-4932-850A-8A22B9713E21}.Debug|Any CPU.ActiveCfg = Debug|Any CPU
		{C5B5AB90-4B92-4932-850A-8A22B9713E21}.Debug|Any CPU.Build.0 = Debug|Any CPU
		{C5B5AB90-4B92-4932-850A-8A22B9713E21}.Debug|x64.ActiveCfg = Debug|Any CPU
		{C5B5AB90-4B92-4932-850A-8A22B9713E21}.Debug|x64.Build.0 = Debug|Any CPU
		{C5B5AB90-4B92-4932-850A-8A22B9713E21}.Debug|x86.ActiveCfg = Debug|Any CPU
		{C5B5AB90-4B92-4932-850A-8A22B9713E21}.Debug|x86.Build.0 = Debug|Any CPU
		{C5B5AB90-4B92-4932-850A-8A22B9713E21}.Release|Any CPU.ActiveCfg = Release|Any CPU
		{C5B5AB90-4B92-4932-850A-8A22B9713E21}.Release|Any CPU.Build.0 = Release|Any CPU
		{C5B5AB90-4B92-4932-850A-8A22B9713E21}.Release|x64.ActiveCfg = Release|Any CPU
		{C5B5AB90-4B92-4932-850A-8A22B9713E21}.Release|x64.Build.0 = Release|Any CPU
		{C5B5AB90-4B92-4932-850A-8A22B9713E21}.Release|x86.ActiveCfg = Release|Any CPU
		{C5B5AB90-4B92-4932-850A-8A22B9713E21}.Release|x86.Build.0 = Release|Any CPU
		{950BB146-F5EB-4FA2-A793-48D9F941CF0B}.Debug|Any CPU.ActiveCfg = Debug|Any CPU
		{950BB146-F5EB-4FA2-A793-48D9F941CF0B}.Debug|Any CPU.Build.0 = Debug|Any CPU
		{950BB146-F5EB-4FA2-A793-48D9F941CF0B}.Debug|x64.ActiveCfg = Debug|Any CPU
		{950BB146-F5EB-4FA2-A793-48D9F941CF0B}.Debug|x64.Build.0 = Debug|Any CPU
		{950BB146-F5EB-4FA2-A793-48D9F941CF0B}.Debug|x86.ActiveCfg = Debug|Any CPU
		{950BB146-F5EB-4FA2-A793-48D9F941CF0B}.Debug|x86.Build.0 = Debug|Any CPU
		{950BB146-F5EB-4FA2-A793-48D9F941CF0B}.Release|Any CPU.ActiveCfg = Release|Any CPU
		{950BB146-F5EB-4FA2-A793-48D9F941CF0B}.Release|Any CPU.Build.0 = Release|Any CPU
		{950BB146-F5EB-4FA2-A793-48D9F941CF0B}.Release|x64.ActiveCfg = Release|Any CPU
		{950BB146-F5EB-4FA2-A793-48D9F941CF0B}.Release|x64.Build.0 = Release|Any CPU
		{950BB146-F5EB-4FA2-A793-48D9F941CF0B}.Release|x86.ActiveCfg = Release|Any CPU
		{950BB146-F5EB-4FA2-A793-48D9F941CF0B}.Release|x86.Build.0 = Release|Any CPU
		{86CA1C06-A377-4141-9180-C77178A155F8}.Debug|Any CPU.ActiveCfg = Debug|Any CPU
		{86CA1C06-A377-4141-9180-C77178A155F8}.Debug|Any CPU.Build.0 = Debug|Any CPU
		{86CA1C06-A377-4141-9180-C77178A155F8}.Debug|x64.ActiveCfg = Debug|Any CPU
		{86CA1C06-A377-4141-9180-C77178A155F8}.Debug|x64.Build.0 = Debug|Any CPU
		{86CA1C06-A377-4141-9180-C77178A155F8}.Debug|x86.ActiveCfg = Debug|Any CPU
		{86CA1C06-A377-4141-9180-C77178A155F8}.Debug|x86.Build.0 = Debug|Any CPU
		{86CA1C06-A377-4141-9180-C77178A155F8}.Release|Any CPU.ActiveCfg = Release|Any CPU
		{86CA1C06-A377-4141-9180-C77178A155F8}.Release|Any CPU.Build.0 = Release|Any CPU
		{86CA1C06-A377-4141-9180-C77178A155F8}.Release|x64.ActiveCfg = Release|Any CPU
		{86CA1C06-A377-4141-9180-C77178A155F8}.Release|x64.Build.0 = Release|Any CPU
		{86CA1C06-A377-4141-9180-C77178A155F8}.Release|x86.ActiveCfg = Release|Any CPU
		{86CA1C06-A377-4141-9180-C77178A155F8}.Release|x86.Build.0 = Release|Any CPU
		{FCAB9B89-05A2-4FD9-8DC7-240986BE8285}.Debug|Any CPU.ActiveCfg = Debug|Any CPU
		{FCAB9B89-05A2-4FD9-8DC7-240986BE8285}.Debug|Any CPU.Build.0 = Debug|Any CPU
		{FCAB9B89-05A2-4FD9-8DC7-240986BE8285}.Debug|x64.ActiveCfg = Debug|Any CPU
		{FCAB9B89-05A2-4FD9-8DC7-240986BE8285}.Debug|x64.Build.0 = Debug|Any CPU
		{FCAB9B89-05A2-4FD9-8DC7-240986BE8285}.Debug|x86.ActiveCfg = Debug|Any CPU
		{FCAB9B89-05A2-4FD9-8DC7-240986BE8285}.Debug|x86.Build.0 = Debug|Any CPU
		{FCAB9B89-05A2-4FD9-8DC7-240986BE8285}.Release|Any CPU.ActiveCfg = Release|Any CPU
		{FCAB9B89-05A2-4FD9-8DC7-240986BE8285}.Release|Any CPU.Build.0 = Release|Any CPU
		{FCAB9B89-05A2-4FD9-8DC7-240986BE8285}.Release|x64.ActiveCfg = Release|Any CPU
		{FCAB9B89-05A2-4FD9-8DC7-240986BE8285}.Release|x64.Build.0 = Release|Any CPU
		{FCAB9B89-05A2-4FD9-8DC7-240986BE8285}.Release|x86.ActiveCfg = Release|Any CPU
		{FCAB9B89-05A2-4FD9-8DC7-240986BE8285}.Release|x86.Build.0 = Release|Any CPU
		{A09CBFDE-DB9B-4AA2-93F8-6B5E7BAC5F71}.Debug|Any CPU.ActiveCfg = Debug|Any CPU
		{A09CBFDE-DB9B-4AA2-93F8-6B5E7BAC5F71}.Debug|Any CPU.Build.0 = Debug|Any CPU
		{A09CBFDE-DB9B-4AA2-93F8-6B5E7BAC5F71}.Debug|x64.ActiveCfg = Debug|Any CPU
		{A09CBFDE-DB9B-4AA2-93F8-6B5E7BAC5F71}.Debug|x64.Build.0 = Debug|Any CPU
		{A09CBFDE-DB9B-4AA2-93F8-6B5E7BAC5F71}.Debug|x86.ActiveCfg = Debug|Any CPU
		{A09CBFDE-DB9B-4AA2-93F8-6B5E7BAC5F71}.Debug|x86.Build.0 = Debug|Any CPU
		{A09CBFDE-DB9B-4AA2-93F8-6B5E7BAC5F71}.Release|Any CPU.ActiveCfg = Release|Any CPU
		{A09CBFDE-DB9B-4AA2-93F8-6B5E7BAC5F71}.Release|Any CPU.Build.0 = Release|Any CPU
		{A09CBFDE-DB9B-4AA2-93F8-6B5E7BAC5F71}.Release|x64.ActiveCfg = Release|Any CPU
		{A09CBFDE-DB9B-4AA2-93F8-6B5E7BAC5F71}.Release|x64.Build.0 = Release|Any CPU
		{A09CBFDE-DB9B-4AA2-93F8-6B5E7BAC5F71}.Release|x86.ActiveCfg = Release|Any CPU
		{A09CBFDE-DB9B-4AA2-93F8-6B5E7BAC5F71}.Release|x86.Build.0 = Release|Any CPU
		{CCACB1B6-0B84-4D64-879B-CDD77FCBECF4}.Debug|Any CPU.ActiveCfg = Debug|Any CPU
		{CCACB1B6-0B84-4D64-879B-CDD77FCBECF4}.Debug|Any CPU.Build.0 = Debug|Any CPU
		{CCACB1B6-0B84-4D64-879B-CDD77FCBECF4}.Debug|x64.ActiveCfg = Debug|Any CPU
		{CCACB1B6-0B84-4D64-879B-CDD77FCBECF4}.Debug|x64.Build.0 = Debug|Any CPU
		{CCACB1B6-0B84-4D64-879B-CDD77FCBECF4}.Debug|x86.ActiveCfg = Debug|Any CPU
		{CCACB1B6-0B84-4D64-879B-CDD77FCBECF4}.Debug|x86.Build.0 = Debug|Any CPU
		{CCACB1B6-0B84-4D64-879B-CDD77FCBECF4}.Release|Any CPU.ActiveCfg = Release|Any CPU
		{CCACB1B6-0B84-4D64-879B-CDD77FCBECF4}.Release|Any CPU.Build.0 = Release|Any CPU
		{CCACB1B6-0B84-4D64-879B-CDD77FCBECF4}.Release|x64.ActiveCfg = Release|Any CPU
		{CCACB1B6-0B84-4D64-879B-CDD77FCBECF4}.Release|x64.Build.0 = Release|Any CPU
		{CCACB1B6-0B84-4D64-879B-CDD77FCBECF4}.Release|x86.ActiveCfg = Release|Any CPU
		{CCACB1B6-0B84-4D64-879B-CDD77FCBECF4}.Release|x86.Build.0 = Release|Any CPU
		{D2AA68C7-8B89-40B3-8AC0-179371180CC0}.Debug|Any CPU.ActiveCfg = Debug|Any CPU
		{D2AA68C7-8B89-40B3-8AC0-179371180CC0}.Debug|Any CPU.Build.0 = Debug|Any CPU
		{D2AA68C7-8B89-40B3-8AC0-179371180CC0}.Debug|x64.ActiveCfg = Debug|Any CPU
		{D2AA68C7-8B89-40B3-8AC0-179371180CC0}.Debug|x64.Build.0 = Debug|Any CPU
		{D2AA68C7-8B89-40B3-8AC0-179371180CC0}.Debug|x86.ActiveCfg = Debug|Any CPU
		{D2AA68C7-8B89-40B3-8AC0-179371180CC0}.Debug|x86.Build.0 = Debug|Any CPU
		{D2AA68C7-8B89-40B3-8AC0-179371180CC0}.Release|Any CPU.ActiveCfg = Release|Any CPU
		{D2AA68C7-8B89-40B3-8AC0-179371180CC0}.Release|Any CPU.Build.0 = Release|Any CPU
		{D2AA68C7-8B89-40B3-8AC0-179371180CC0}.Release|x64.ActiveCfg = Release|Any CPU
		{D2AA68C7-8B89-40B3-8AC0-179371180CC0}.Release|x64.Build.0 = Release|Any CPU
		{D2AA68C7-8B89-40B3-8AC0-179371180CC0}.Release|x86.ActiveCfg = Release|Any CPU
		{D2AA68C7-8B89-40B3-8AC0-179371180CC0}.Release|x86.Build.0 = Release|Any CPU
	EndGlobalSection
	GlobalSection(NestedProjects) = preSolution
		{950BB146-F5EB-4FA2-A793-48D9F941CF0B} = {34F59C62-C025-4036-BC84-2763D4799CCC}
		{86CA1C06-A377-4141-9180-C77178A155F8} = {34F59C62-C025-4036-BC84-2763D4799CCC}
		{CCACB1B6-0B84-4D64-879B-CDD77FCBECF4} = {34F59C62-C025-4036-BC84-2763D4799CCC}
		{D2AA68C7-8B89-40B3-8AC0-179371180CC0} = {34F59C62-C025-4036-BC84-2763D4799CCC}
	EndGlobalSection
EndGlobal
