
Microsoft Visual Studio Solution File, Format Version 12.00
# Visual Studio Version 17
VisualStudioVersion = 17.2.32630.192
MinimumVisualStudioVersion = 10.0.40219.1
Project("{FAE04EC0-301F-11D3-BF4B-00C04F79EFBC}") = "R5T.D0113.A001", "R5T.D0113.A001\R5T.D0113.A001.csproj", "{66B04AC5-56D7-4FC2-A656-291DCF60D1CB}"
EndProject
Project("{FAE04EC0-301F-11D3-BF4B-00C04F79EFBC}") = "R5T.D0113.I001", "R5T.D0113.I001\R5T.D0113.I001.csproj", "{E594CBBB-8461-4838-B3A5-41FC2CC2E645}"
EndProject
Project("{FAE04EC0-301F-11D3-BF4B-00C04F79EFBC}") = "R5T.D0113.Base", "R5T.D0113.Base\R5T.D0113.Base.csproj", "{B647C45F-2E2A-41C5-A43C-8223E17BD045}"
EndProject
Project("{2150E333-8FDC-42A3-9474-1A3956D46DE8}") = "_Dependencies", "_Dependencies", "{5B46A342-48C9-4EB7-82C0-47B4A2E34137}"
EndProject
Project("{FAE04EC0-301F-11D3-BF4B-00C04F79EFBC}") = "R5T.Dacia.Extensions", "..\..\R5T.Dacia.Extensions\source\R5T.Dacia.Extensions\R5T.Dacia.Extensions.csproj", "{B10A2B46-26E8-4FC7-AF8E-84EFD5BAB1D8}"
EndProject
Project("{FAE04EC0-301F-11D3-BF4B-00C04F79EFBC}") = "R5T.Dacia.T002", "..\..\R5T.Dacia\source\R5T.Dacia.T002\R5T.Dacia.T002.csproj", "{A50D1FE8-0BD4-4F30-A56F-AF97C9A8D3CE}"
EndProject
Project("{9A19103F-16F7-4668-BE54-9A1E7A4F7556}") = "R5T.D0113.X000", "R5T.D0113.X000\R5T.D0113.X000.csproj", "{5F8470C7-4A26-4D0E-AE4F-9841FED1590A}"
EndProject
Project("{9A19103F-16F7-4668-BE54-9A1E7A4F7556}") = "R5T.Dacia", "..\..\R5T.Dacia\source\R5T.Dacia\R5T.Dacia.csproj", "{4908F2DE-B5EA-4908-B320-F74C15ADF7F3}"
EndProject
Project("{9A19103F-16F7-4668-BE54-9A1E7A4F7556}") = "R5T.L0013", "..\..\R5T.L0013\source\R5T.L0013\R5T.L0013.csproj", "{57C9F536-1F77-4366-8617-78D79AA5B8DE}"
EndProject
Project("{9A19103F-16F7-4668-BE54-9A1E7A4F7556}") = "R5T.Magyar.T002.X000", "..\..\R5T.Magyar\source\R5T.Magyar.T002.X000\R5T.Magyar.T002.X000.csproj", "{778E403C-B72A-494E-A581-4AA8577B1B2F}"
EndProject
Project("{9A19103F-16F7-4668-BE54-9A1E7A4F7556}") = "R5T.Magyar.T002", "..\..\R5T.Magyar\source\R5T.Magyar.T002\R5T.Magyar.T002.csproj", "{DB1D4B7F-CE8C-471F-93F9-8C5050282ED5}"
EndProject
Project("{9A19103F-16F7-4668-BE54-9A1E7A4F7556}") = "R5T.Magyar", "..\..\R5T.Magyar\source\R5T.Magyar\R5T.Magyar.csproj", "{992D1B10-CDB8-46ED-A814-DB3445991722}"
EndProject
Project("{9A19103F-16F7-4668-BE54-9A1E7A4F7556}") = "R5T.T0039.T002", "..\..\R5T.T0039\source\R5T.T0039.T002\R5T.T0039.T002.csproj", "{0472131A-6094-47FF-8E04-1F6C01D96ACF}"
EndProject
Project("{9A19103F-16F7-4668-BE54-9A1E7A4F7556}") = "R5T.T0042.X001", "..\..\R5T.T0042\source\R5T.T0042.X001\R5T.T0042.X001.csproj", "{7E460635-C221-400D-B68C-D8FD1450260B}"
EndProject
Project("{9A19103F-16F7-4668-BE54-9A1E7A4F7556}") = "R5T.T0042", "..\..\R5T.T0042\source\R5T.T0042\R5T.T0042.csproj", "{403B45AC-CF25-4501-A823-77A812F1AFA5}"
EndProject
Project("{9A19103F-16F7-4668-BE54-9A1E7A4F7556}") = "R5T.T0062.X001", "..\..\R5T.T0062\source\R5T.T0062.X001\R5T.T0062.X001.csproj", "{D610CB11-A8F7-4E88-B032-5069766A6D1F}"
EndProject
Project("{9A19103F-16F7-4668-BE54-9A1E7A4F7556}") = "R5T.T0062", "..\..\R5T.T0062\source\R5T.T0062\R5T.T0062.csproj", "{81243D39-FF24-49DD-955F-625A5EA4A76C}"
EndProject
Project("{9A19103F-16F7-4668-BE54-9A1E7A4F7556}") = "R5T.T0063", "..\..\R5T.T0063\source\R5T.T0063\R5T.T0063.csproj", "{6EC6A0EB-13E1-4F1D-B2E8-8E9AD4793FCE}"
EndProject
Project("{9A19103F-16F7-4668-BE54-9A1E7A4F7556}") = "R5T.T0064", "..\..\R5T.T0064\source\R5T.T0064\R5T.T0064.csproj", "{69C95B7C-CA31-4CEE-8F33-684B58AE61B9}"
EndProject
Project("{9A19103F-16F7-4668-BE54-9A1E7A4F7556}") = "R5T.T0143", "..\..\R5T.T0143\source\R5T.T0143\R5T.T0143.csproj", "{13FB8597-316C-464D-A9BD-F44144B7E310}"
EndProject
Global
	GlobalSection(NestedProjects) = preSolution
		{B10A2B46-26E8-4FC7-AF8E-84EFD5BAB1D8} = {5B46A342-48C9-4EB7-82C0-47B4A2E34137}
		{A50D1FE8-0BD4-4F30-A56F-AF97C9A8D3CE} = {5B46A342-48C9-4EB7-82C0-47B4A2E34137}
		{5F8470C7-4A26-4D0E-AE4F-9841FED1590A} = {5B46A342-48C9-4EB7-82C0-47B4A2E34137}
		{4908F2DE-B5EA-4908-B320-F74C15ADF7F3} = {5B46A342-48C9-4EB7-82C0-47B4A2E34137}
		{57C9F536-1F77-4366-8617-78D79AA5B8DE} = {5B46A342-48C9-4EB7-82C0-47B4A2E34137}
		{778E403C-B72A-494E-A581-4AA8577B1B2F} = {5B46A342-48C9-4EB7-82C0-47B4A2E34137}
		{DB1D4B7F-CE8C-471F-93F9-8C5050282ED5} = {5B46A342-48C9-4EB7-82C0-47B4A2E34137}
		{992D1B10-CDB8-46ED-A814-DB3445991722} = {5B46A342-48C9-4EB7-82C0-47B4A2E34137}
		{0472131A-6094-47FF-8E04-1F6C01D96ACF} = {5B46A342-48C9-4EB7-82C0-47B4A2E34137}
		{7E460635-C221-400D-B68C-D8FD1450260B} = {5B46A342-48C9-4EB7-82C0-47B4A2E34137}
		{403B45AC-CF25-4501-A823-77A812F1AFA5} = {5B46A342-48C9-4EB7-82C0-47B4A2E34137}
		{D610CB11-A8F7-4E88-B032-5069766A6D1F} = {5B46A342-48C9-4EB7-82C0-47B4A2E34137}
		{81243D39-FF24-49DD-955F-625A5EA4A76C} = {5B46A342-48C9-4EB7-82C0-47B4A2E34137}
		{6EC6A0EB-13E1-4F1D-B2E8-8E9AD4793FCE} = {5B46A342-48C9-4EB7-82C0-47B4A2E34137}
		{69C95B7C-CA31-4CEE-8F33-684B58AE61B9} = {5B46A342-48C9-4EB7-82C0-47B4A2E34137}
		{13FB8597-316C-464D-A9BD-F44144B7E310} = {5B46A342-48C9-4EB7-82C0-47B4A2E34137}
	EndGlobalSection
	GlobalSection(SolutionConfigurationPlatforms) = preSolution
		Debug|Any CPU = Debug|Any CPU
		Debug|x64 = Debug|x64
		Debug|x86 = Debug|x86
		Release|Any CPU = Release|Any CPU
		Release|x64 = Release|x64
		Release|x86 = Release|x86
	EndGlobalSection
	GlobalSection(ProjectConfigurationPlatforms) = postSolution
		{66B04AC5-56D7-4FC2-A656-291DCF60D1CB}.Debug|Any CPU.ActiveCfg = Debug|Any CPU
		{66B04AC5-56D7-4FC2-A656-291DCF60D1CB}.Debug|Any CPU.Build.0 = Debug|Any CPU
		{66B04AC5-56D7-4FC2-A656-291DCF60D1CB}.Debug|x64.ActiveCfg = Debug|Any CPU
		{66B04AC5-56D7-4FC2-A656-291DCF60D1CB}.Debug|x64.Build.0 = Debug|Any CPU
		{66B04AC5-56D7-4FC2-A656-291DCF60D1CB}.Debug|x86.ActiveCfg = Debug|Any CPU
		{66B04AC5-56D7-4FC2-A656-291DCF60D1CB}.Debug|x86.Build.0 = Debug|Any CPU
		{66B04AC5-56D7-4FC2-A656-291DCF60D1CB}.Release|Any CPU.ActiveCfg = Release|Any CPU
		{66B04AC5-56D7-4FC2-A656-291DCF60D1CB}.Release|Any CPU.Build.0 = Release|Any CPU
		{66B04AC5-56D7-4FC2-A656-291DCF60D1CB}.Release|x64.ActiveCfg = Release|Any CPU
		{66B04AC5-56D7-4FC2-A656-291DCF60D1CB}.Release|x64.Build.0 = Release|Any CPU
		{66B04AC5-56D7-4FC2-A656-291DCF60D1CB}.Release|x86.ActiveCfg = Release|Any CPU
		{66B04AC5-56D7-4FC2-A656-291DCF60D1CB}.Release|x86.Build.0 = Release|Any CPU
		{E594CBBB-8461-4838-B3A5-41FC2CC2E645}.Debug|Any CPU.ActiveCfg = Debug|Any CPU
		{E594CBBB-8461-4838-B3A5-41FC2CC2E645}.Debug|Any CPU.Build.0 = Debug|Any CPU
		{E594CBBB-8461-4838-B3A5-41FC2CC2E645}.Debug|x64.ActiveCfg = Debug|Any CPU
		{E594CBBB-8461-4838-B3A5-41FC2CC2E645}.Debug|x64.Build.0 = Debug|Any CPU
		{E594CBBB-8461-4838-B3A5-41FC2CC2E645}.Debug|x86.ActiveCfg = Debug|Any CPU
		{E594CBBB-8461-4838-B3A5-41FC2CC2E645}.Debug|x86.Build.0 = Debug|Any CPU
		{E594CBBB-8461-4838-B3A5-41FC2CC2E645}.Release|Any CPU.ActiveCfg = Release|Any CPU
		{E594CBBB-8461-4838-B3A5-41FC2CC2E645}.Release|Any CPU.Build.0 = Release|Any CPU
		{E594CBBB-8461-4838-B3A5-41FC2CC2E645}.Release|x64.ActiveCfg = Release|Any CPU
		{E594CBBB-8461-4838-B3A5-41FC2CC2E645}.Release|x64.Build.0 = Release|Any CPU
		{E594CBBB-8461-4838-B3A5-41FC2CC2E645}.Release|x86.ActiveCfg = Release|Any CPU
		{E594CBBB-8461-4838-B3A5-41FC2CC2E645}.Release|x86.Build.0 = Release|Any CPU
		{B647C45F-2E2A-41C5-A43C-8223E17BD045}.Debug|Any CPU.ActiveCfg = Debug|Any CPU
		{B647C45F-2E2A-41C5-A43C-8223E17BD045}.Debug|Any CPU.Build.0 = Debug|Any CPU
		{B647C45F-2E2A-41C5-A43C-8223E17BD045}.Debug|x64.ActiveCfg = Debug|Any CPU
		{B647C45F-2E2A-41C5-A43C-8223E17BD045}.Debug|x64.Build.0 = Debug|Any CPU
		{B647C45F-2E2A-41C5-A43C-8223E17BD045}.Debug|x86.ActiveCfg = Debug|Any CPU
		{B647C45F-2E2A-41C5-A43C-8223E17BD045}.Debug|x86.Build.0 = Debug|Any CPU
		{B647C45F-2E2A-41C5-A43C-8223E17BD045}.Release|Any CPU.ActiveCfg = Release|Any CPU
		{B647C45F-2E2A-41C5-A43C-8223E17BD045}.Release|Any CPU.Build.0 = Release|Any CPU
		{B647C45F-2E2A-41C5-A43C-8223E17BD045}.Release|x64.ActiveCfg = Release|Any CPU
		{B647C45F-2E2A-41C5-A43C-8223E17BD045}.Release|x64.Build.0 = Release|Any CPU
		{B647C45F-2E2A-41C5-A43C-8223E17BD045}.Release|x86.ActiveCfg = Release|Any CPU
		{B647C45F-2E2A-41C5-A43C-8223E17BD045}.Release|x86.Build.0 = Release|Any CPU
		{B10A2B46-26E8-4FC7-AF8E-84EFD5BAB1D8}.Debug|Any CPU.ActiveCfg = Debug|Any CPU
		{B10A2B46-26E8-4FC7-AF8E-84EFD5BAB1D8}.Debug|Any CPU.Build.0 = Debug|Any CPU
		{B10A2B46-26E8-4FC7-AF8E-84EFD5BAB1D8}.Debug|x64.ActiveCfg = Debug|Any CPU
		{B10A2B46-26E8-4FC7-AF8E-84EFD5BAB1D8}.Debug|x64.Build.0 = Debug|Any CPU
		{B10A2B46-26E8-4FC7-AF8E-84EFD5BAB1D8}.Debug|x86.ActiveCfg = Debug|Any CPU
		{B10A2B46-26E8-4FC7-AF8E-84EFD5BAB1D8}.Debug|x86.Build.0 = Debug|Any CPU
		{B10A2B46-26E8-4FC7-AF8E-84EFD5BAB1D8}.Release|Any CPU.ActiveCfg = Release|Any CPU
		{B10A2B46-26E8-4FC7-AF8E-84EFD5BAB1D8}.Release|Any CPU.Build.0 = Release|Any CPU
		{B10A2B46-26E8-4FC7-AF8E-84EFD5BAB1D8}.Release|x64.ActiveCfg = Release|Any CPU
		{B10A2B46-26E8-4FC7-AF8E-84EFD5BAB1D8}.Release|x64.Build.0 = Release|Any CPU
		{B10A2B46-26E8-4FC7-AF8E-84EFD5BAB1D8}.Release|x86.ActiveCfg = Release|Any CPU
		{B10A2B46-26E8-4FC7-AF8E-84EFD5BAB1D8}.Release|x86.Build.0 = Release|Any CPU
		{A50D1FE8-0BD4-4F30-A56F-AF97C9A8D3CE}.Debug|Any CPU.ActiveCfg = Debug|Any CPU
		{A50D1FE8-0BD4-4F30-A56F-AF97C9A8D3CE}.Debug|Any CPU.Build.0 = Debug|Any CPU
		{A50D1FE8-0BD4-4F30-A56F-AF97C9A8D3CE}.Debug|x64.ActiveCfg = Debug|Any CPU
		{A50D1FE8-0BD4-4F30-A56F-AF97C9A8D3CE}.Debug|x64.Build.0 = Debug|Any CPU
		{A50D1FE8-0BD4-4F30-A56F-AF97C9A8D3CE}.Debug|x86.ActiveCfg = Debug|Any CPU
		{A50D1FE8-0BD4-4F30-A56F-AF97C9A8D3CE}.Debug|x86.Build.0 = Debug|Any CPU
		{A50D1FE8-0BD4-4F30-A56F-AF97C9A8D3CE}.Release|Any CPU.ActiveCfg = Release|Any CPU
		{A50D1FE8-0BD4-4F30-A56F-AF97C9A8D3CE}.Release|Any CPU.Build.0 = Release|Any CPU
		{A50D1FE8-0BD4-4F30-A56F-AF97C9A8D3CE}.Release|x64.ActiveCfg = Release|Any CPU
		{A50D1FE8-0BD4-4F30-A56F-AF97C9A8D3CE}.Release|x64.Build.0 = Release|Any CPU
		{A50D1FE8-0BD4-4F30-A56F-AF97C9A8D3CE}.Release|x86.ActiveCfg = Release|Any CPU
		{A50D1FE8-0BD4-4F30-A56F-AF97C9A8D3CE}.Release|x86.Build.0 = Release|Any CPU
		{5F8470C7-4A26-4D0E-AE4F-9841FED1590A}.Debug|Any CPU.ActiveCfg = Debug|Any CPU
		{5F8470C7-4A26-4D0E-AE4F-9841FED1590A}.Debug|Any CPU.Build.0 = Debug|Any CPU
		{5F8470C7-4A26-4D0E-AE4F-9841FED1590A}.Debug|x64.ActiveCfg = Debug|Any CPU
		{5F8470C7-4A26-4D0E-AE4F-9841FED1590A}.Debug|x64.Build.0 = Debug|Any CPU
		{5F8470C7-4A26-4D0E-AE4F-9841FED1590A}.Debug|x86.ActiveCfg = Debug|Any CPU
		{5F8470C7-4A26-4D0E-AE4F-9841FED1590A}.Debug|x86.Build.0 = Debug|Any CPU
		{5F8470C7-4A26-4D0E-AE4F-9841FED1590A}.Release|Any CPU.ActiveCfg = Release|Any CPU
		{5F8470C7-4A26-4D0E-AE4F-9841FED1590A}.Release|Any CPU.Build.0 = Release|Any CPU
		{5F8470C7-4A26-4D0E-AE4F-9841FED1590A}.Release|x64.ActiveCfg = Release|Any CPU
		{5F8470C7-4A26-4D0E-AE4F-9841FED1590A}.Release|x64.Build.0 = Release|Any CPU
		{5F8470C7-4A26-4D0E-AE4F-9841FED1590A}.Release|x86.ActiveCfg = Release|Any CPU
		{5F8470C7-4A26-4D0E-AE4F-9841FED1590A}.Release|x86.Build.0 = Release|Any CPU
		{4908F2DE-B5EA-4908-B320-F74C15ADF7F3}.Debug|Any CPU.ActiveCfg = Debug|Any CPU
		{4908F2DE-B5EA-4908-B320-F74C15ADF7F3}.Debug|Any CPU.Build.0 = Debug|Any CPU
		{4908F2DE-B5EA-4908-B320-F74C15ADF7F3}.Debug|x64.ActiveCfg = Debug|Any CPU
		{4908F2DE-B5EA-4908-B320-F74C15ADF7F3}.Debug|x64.Build.0 = Debug|Any CPU
		{4908F2DE-B5EA-4908-B320-F74C15ADF7F3}.Debug|x86.ActiveCfg = Debug|Any CPU
		{4908F2DE-B5EA-4908-B320-F74C15ADF7F3}.Debug|x86.Build.0 = Debug|Any CPU
		{4908F2DE-B5EA-4908-B320-F74C15ADF7F3}.Release|Any CPU.ActiveCfg = Release|Any CPU
		{4908F2DE-B5EA-4908-B320-F74C15ADF7F3}.Release|Any CPU.Build.0 = Release|Any CPU
		{4908F2DE-B5EA-4908-B320-F74C15ADF7F3}.Release|x64.ActiveCfg = Release|Any CPU
		{4908F2DE-B5EA-4908-B320-F74C15ADF7F3}.Release|x64.Build.0 = Release|Any CPU
		{4908F2DE-B5EA-4908-B320-F74C15ADF7F3}.Release|x86.ActiveCfg = Release|Any CPU
		{4908F2DE-B5EA-4908-B320-F74C15ADF7F3}.Release|x86.Build.0 = Release|Any CPU
		{57C9F536-1F77-4366-8617-78D79AA5B8DE}.Debug|Any CPU.ActiveCfg = Debug|Any CPU
		{57C9F536-1F77-4366-8617-78D79AA5B8DE}.Debug|Any CPU.Build.0 = Debug|Any CPU
		{57C9F536-1F77-4366-8617-78D79AA5B8DE}.Debug|x64.ActiveCfg = Debug|Any CPU
		{57C9F536-1F77-4366-8617-78D79AA5B8DE}.Debug|x64.Build.0 = Debug|Any CPU
		{57C9F536-1F77-4366-8617-78D79AA5B8DE}.Debug|x86.ActiveCfg = Debug|Any CPU
		{57C9F536-1F77-4366-8617-78D79AA5B8DE}.Debug|x86.Build.0 = Debug|Any CPU
		{57C9F536-1F77-4366-8617-78D79AA5B8DE}.Release|Any CPU.ActiveCfg = Release|Any CPU
		{57C9F536-1F77-4366-8617-78D79AA5B8DE}.Release|Any CPU.Build.0 = Release|Any CPU
		{57C9F536-1F77-4366-8617-78D79AA5B8DE}.Release|x64.ActiveCfg = Release|Any CPU
		{57C9F536-1F77-4366-8617-78D79AA5B8DE}.Release|x64.Build.0 = Release|Any CPU
		{57C9F536-1F77-4366-8617-78D79AA5B8DE}.Release|x86.ActiveCfg = Release|Any CPU
		{57C9F536-1F77-4366-8617-78D79AA5B8DE}.Release|x86.Build.0 = Release|Any CPU
		{778E403C-B72A-494E-A581-4AA8577B1B2F}.Debug|Any CPU.ActiveCfg = Debug|Any CPU
		{778E403C-B72A-494E-A581-4AA8577B1B2F}.Debug|Any CPU.Build.0 = Debug|Any CPU
		{778E403C-B72A-494E-A581-4AA8577B1B2F}.Debug|x64.ActiveCfg = Debug|Any CPU
		{778E403C-B72A-494E-A581-4AA8577B1B2F}.Debug|x64.Build.0 = Debug|Any CPU
		{778E403C-B72A-494E-A581-4AA8577B1B2F}.Debug|x86.ActiveCfg = Debug|Any CPU
		{778E403C-B72A-494E-A581-4AA8577B1B2F}.Debug|x86.Build.0 = Debug|Any CPU
		{778E403C-B72A-494E-A581-4AA8577B1B2F}.Release|Any CPU.ActiveCfg = Release|Any CPU
		{778E403C-B72A-494E-A581-4AA8577B1B2F}.Release|Any CPU.Build.0 = Release|Any CPU
		{778E403C-B72A-494E-A581-4AA8577B1B2F}.Release|x64.ActiveCfg = Release|Any CPU
		{778E403C-B72A-494E-A581-4AA8577B1B2F}.Release|x64.Build.0 = Release|Any CPU
		{778E403C-B72A-494E-A581-4AA8577B1B2F}.Release|x86.ActiveCfg = Release|Any CPU
		{778E403C-B72A-494E-A581-4AA8577B1B2F}.Release|x86.Build.0 = Release|Any CPU
		{DB1D4B7F-CE8C-471F-93F9-8C5050282ED5}.Debug|Any CPU.ActiveCfg = Debug|Any CPU
		{DB1D4B7F-CE8C-471F-93F9-8C5050282ED5}.Debug|Any CPU.Build.0 = Debug|Any CPU
		{DB1D4B7F-CE8C-471F-93F9-8C5050282ED5}.Debug|x64.ActiveCfg = Debug|Any CPU
		{DB1D4B7F-CE8C-471F-93F9-8C5050282ED5}.Debug|x64.Build.0 = Debug|Any CPU
		{DB1D4B7F-CE8C-471F-93F9-8C5050282ED5}.Debug|x86.ActiveCfg = Debug|Any CPU
		{DB1D4B7F-CE8C-471F-93F9-8C5050282ED5}.Debug|x86.Build.0 = Debug|Any CPU
		{DB1D4B7F-CE8C-471F-93F9-8C5050282ED5}.Release|Any CPU.ActiveCfg = Release|Any CPU
		{DB1D4B7F-CE8C-471F-93F9-8C5050282ED5}.Release|Any CPU.Build.0 = Release|Any CPU
		{DB1D4B7F-CE8C-471F-93F9-8C5050282ED5}.Release|x64.ActiveCfg = Release|Any CPU
		{DB1D4B7F-CE8C-471F-93F9-8C5050282ED5}.Release|x64.Build.0 = Release|Any CPU
		{DB1D4B7F-CE8C-471F-93F9-8C5050282ED5}.Release|x86.ActiveCfg = Release|Any CPU
		{DB1D4B7F-CE8C-471F-93F9-8C5050282ED5}.Release|x86.Build.0 = Release|Any CPU
		{992D1B10-CDB8-46ED-A814-DB3445991722}.Debug|Any CPU.ActiveCfg = Debug|Any CPU
		{992D1B10-CDB8-46ED-A814-DB3445991722}.Debug|Any CPU.Build.0 = Debug|Any CPU
		{992D1B10-CDB8-46ED-A814-DB3445991722}.Debug|x64.ActiveCfg = Debug|Any CPU
		{992D1B10-CDB8-46ED-A814-DB3445991722}.Debug|x64.Build.0 = Debug|Any CPU
		{992D1B10-CDB8-46ED-A814-DB3445991722}.Debug|x86.ActiveCfg = Debug|Any CPU
		{992D1B10-CDB8-46ED-A814-DB3445991722}.Debug|x86.Build.0 = Debug|Any CPU
		{992D1B10-CDB8-46ED-A814-DB3445991722}.Release|Any CPU.ActiveCfg = Release|Any CPU
		{992D1B10-CDB8-46ED-A814-DB3445991722}.Release|Any CPU.Build.0 = Release|Any CPU
		{992D1B10-CDB8-46ED-A814-DB3445991722}.Release|x64.ActiveCfg = Release|Any CPU
		{992D1B10-CDB8-46ED-A814-DB3445991722}.Release|x64.Build.0 = Release|Any CPU
		{992D1B10-CDB8-46ED-A814-DB3445991722}.Release|x86.ActiveCfg = Release|Any CPU
		{992D1B10-CDB8-46ED-A814-DB3445991722}.Release|x86.Build.0 = Release|Any CPU
		{0472131A-6094-47FF-8E04-1F6C01D96ACF}.Debug|Any CPU.ActiveCfg = Debug|Any CPU
		{0472131A-6094-47FF-8E04-1F6C01D96ACF}.Debug|Any CPU.Build.0 = Debug|Any CPU
		{0472131A-6094-47FF-8E04-1F6C01D96ACF}.Debug|x64.ActiveCfg = Debug|Any CPU
		{0472131A-6094-47FF-8E04-1F6C01D96ACF}.Debug|x64.Build.0 = Debug|Any CPU
		{0472131A-6094-47FF-8E04-1F6C01D96ACF}.Debug|x86.ActiveCfg = Debug|Any CPU
		{0472131A-6094-47FF-8E04-1F6C01D96ACF}.Debug|x86.Build.0 = Debug|Any CPU
		{0472131A-6094-47FF-8E04-1F6C01D96ACF}.Release|Any CPU.ActiveCfg = Release|Any CPU
		{0472131A-6094-47FF-8E04-1F6C01D96ACF}.Release|Any CPU.Build.0 = Release|Any CPU
		{0472131A-6094-47FF-8E04-1F6C01D96ACF}.Release|x64.ActiveCfg = Release|Any CPU
		{0472131A-6094-47FF-8E04-1F6C01D96ACF}.Release|x64.Build.0 = Release|Any CPU
		{0472131A-6094-47FF-8E04-1F6C01D96ACF}.Release|x86.ActiveCfg = Release|Any CPU
		{0472131A-6094-47FF-8E04-1F6C01D96ACF}.Release|x86.Build.0 = Release|Any CPU
		{7E460635-C221-400D-B68C-D8FD1450260B}.Debug|Any CPU.ActiveCfg = Debug|Any CPU
		{7E460635-C221-400D-B68C-D8FD1450260B}.Debug|Any CPU.Build.0 = Debug|Any CPU
		{7E460635-C221-400D-B68C-D8FD1450260B}.Debug|x64.ActiveCfg = Debug|Any CPU
		{7E460635-C221-400D-B68C-D8FD1450260B}.Debug|x64.Build.0 = Debug|Any CPU
		{7E460635-C221-400D-B68C-D8FD1450260B}.Debug|x86.ActiveCfg = Debug|Any CPU
		{7E460635-C221-400D-B68C-D8FD1450260B}.Debug|x86.Build.0 = Debug|Any CPU
		{7E460635-C221-400D-B68C-D8FD1450260B}.Release|Any CPU.ActiveCfg = Release|Any CPU
		{7E460635-C221-400D-B68C-D8FD1450260B}.Release|Any CPU.Build.0 = Release|Any CPU
		{7E460635-C221-400D-B68C-D8FD1450260B}.Release|x64.ActiveCfg = Release|Any CPU
		{7E460635-C221-400D-B68C-D8FD1450260B}.Release|x64.Build.0 = Release|Any CPU
		{7E460635-C221-400D-B68C-D8FD1450260B}.Release|x86.ActiveCfg = Release|Any CPU
		{7E460635-C221-400D-B68C-D8FD1450260B}.Release|x86.Build.0 = Release|Any CPU
		{403B45AC-CF25-4501-A823-77A812F1AFA5}.Debug|Any CPU.ActiveCfg = Debug|Any CPU
		{403B45AC-CF25-4501-A823-77A812F1AFA5}.Debug|Any CPU.Build.0 = Debug|Any CPU
		{403B45AC-CF25-4501-A823-77A812F1AFA5}.Debug|x64.ActiveCfg = Debug|Any CPU
		{403B45AC-CF25-4501-A823-77A812F1AFA5}.Debug|x64.Build.0 = Debug|Any CPU
		{403B45AC-CF25-4501-A823-77A812F1AFA5}.Debug|x86.ActiveCfg = Debug|Any CPU
		{403B45AC-CF25-4501-A823-77A812F1AFA5}.Debug|x86.Build.0 = Debug|Any CPU
		{403B45AC-CF25-4501-A823-77A812F1AFA5}.Release|Any CPU.ActiveCfg = Release|Any CPU
		{403B45AC-CF25-4501-A823-77A812F1AFA5}.Release|Any CPU.Build.0 = Release|Any CPU
		{403B45AC-CF25-4501-A823-77A812F1AFA5}.Release|x64.ActiveCfg = Release|Any CPU
		{403B45AC-CF25-4501-A823-77A812F1AFA5}.Release|x64.Build.0 = Release|Any CPU
		{403B45AC-CF25-4501-A823-77A812F1AFA5}.Release|x86.ActiveCfg = Release|Any CPU
		{403B45AC-CF25-4501-A823-77A812F1AFA5}.Release|x86.Build.0 = Release|Any CPU
		{D610CB11-A8F7-4E88-B032-5069766A6D1F}.Debug|Any CPU.ActiveCfg = Debug|Any CPU
		{D610CB11-A8F7-4E88-B032-5069766A6D1F}.Debug|Any CPU.Build.0 = Debug|Any CPU
		{D610CB11-A8F7-4E88-B032-5069766A6D1F}.Debug|x64.ActiveCfg = Debug|Any CPU
		{D610CB11-A8F7-4E88-B032-5069766A6D1F}.Debug|x64.Build.0 = Debug|Any CPU
		{D610CB11-A8F7-4E88-B032-5069766A6D1F}.Debug|x86.ActiveCfg = Debug|Any CPU
		{D610CB11-A8F7-4E88-B032-5069766A6D1F}.Debug|x86.Build.0 = Debug|Any CPU
		{D610CB11-A8F7-4E88-B032-5069766A6D1F}.Release|Any CPU.ActiveCfg = Release|Any CPU
		{D610CB11-A8F7-4E88-B032-5069766A6D1F}.Release|Any CPU.Build.0 = Release|Any CPU
		{D610CB11-A8F7-4E88-B032-5069766A6D1F}.Release|x64.ActiveCfg = Release|Any CPU
		{D610CB11-A8F7-4E88-B032-5069766A6D1F}.Release|x64.Build.0 = Release|Any CPU
		{D610CB11-A8F7-4E88-B032-5069766A6D1F}.Release|x86.ActiveCfg = Release|Any CPU
		{D610CB11-A8F7-4E88-B032-5069766A6D1F}.Release|x86.Build.0 = Release|Any CPU
		{81243D39-FF24-49DD-955F-625A5EA4A76C}.Debug|Any CPU.ActiveCfg = Debug|Any CPU
		{81243D39-FF24-49DD-955F-625A5EA4A76C}.Debug|Any CPU.Build.0 = Debug|Any CPU
		{81243D39-FF24-49DD-955F-625A5EA4A76C}.Debug|x64.ActiveCfg = Debug|Any CPU
		{81243D39-FF24-49DD-955F-625A5EA4A76C}.Debug|x64.Build.0 = Debug|Any CPU
		{81243D39-FF24-49DD-955F-625A5EA4A76C}.Debug|x86.ActiveCfg = Debug|Any CPU
		{81243D39-FF24-49DD-955F-625A5EA4A76C}.Debug|x86.Build.0 = Debug|Any CPU
		{81243D39-FF24-49DD-955F-625A5EA4A76C}.Release|Any CPU.ActiveCfg = Release|Any CPU
		{81243D39-FF24-49DD-955F-625A5EA4A76C}.Release|Any CPU.Build.0 = Release|Any CPU
		{81243D39-FF24-49DD-955F-625A5EA4A76C}.Release|x64.ActiveCfg = Release|Any CPU
		{81243D39-FF24-49DD-955F-625A5EA4A76C}.Release|x64.Build.0 = Release|Any CPU
		{81243D39-FF24-49DD-955F-625A5EA4A76C}.Release|x86.ActiveCfg = Release|Any CPU
		{81243D39-FF24-49DD-955F-625A5EA4A76C}.Release|x86.Build.0 = Release|Any CPU
		{6EC6A0EB-13E1-4F1D-B2E8-8E9AD4793FCE}.Debug|Any CPU.ActiveCfg = Debug|Any CPU
		{6EC6A0EB-13E1-4F1D-B2E8-8E9AD4793FCE}.Debug|Any CPU.Build.0 = Debug|Any CPU
		{6EC6A0EB-13E1-4F1D-B2E8-8E9AD4793FCE}.Debug|x64.ActiveCfg = Debug|Any CPU
		{6EC6A0EB-13E1-4F1D-B2E8-8E9AD4793FCE}.Debug|x64.Build.0 = Debug|Any CPU
		{6EC6A0EB-13E1-4F1D-B2E8-8E9AD4793FCE}.Debug|x86.ActiveCfg = Debug|Any CPU
		{6EC6A0EB-13E1-4F1D-B2E8-8E9AD4793FCE}.Debug|x86.Build.0 = Debug|Any CPU
		{6EC6A0EB-13E1-4F1D-B2E8-8E9AD4793FCE}.Release|Any CPU.ActiveCfg = Release|Any CPU
		{6EC6A0EB-13E1-4F1D-B2E8-8E9AD4793FCE}.Release|Any CPU.Build.0 = Release|Any CPU
		{6EC6A0EB-13E1-4F1D-B2E8-8E9AD4793FCE}.Release|x64.ActiveCfg = Release|Any CPU
		{6EC6A0EB-13E1-4F1D-B2E8-8E9AD4793FCE}.Release|x64.Build.0 = Release|Any CPU
		{6EC6A0EB-13E1-4F1D-B2E8-8E9AD4793FCE}.Release|x86.ActiveCfg = Release|Any CPU
		{6EC6A0EB-13E1-4F1D-B2E8-8E9AD4793FCE}.Release|x86.Build.0 = Release|Any CPU
		{69C95B7C-CA31-4CEE-8F33-684B58AE61B9}.Debug|Any CPU.ActiveCfg = Debug|Any CPU
		{69C95B7C-CA31-4CEE-8F33-684B58AE61B9}.Debug|Any CPU.Build.0 = Debug|Any CPU
		{69C95B7C-CA31-4CEE-8F33-684B58AE61B9}.Debug|x64.ActiveCfg = Debug|Any CPU
		{69C95B7C-CA31-4CEE-8F33-684B58AE61B9}.Debug|x64.Build.0 = Debug|Any CPU
		{69C95B7C-CA31-4CEE-8F33-684B58AE61B9}.Debug|x86.ActiveCfg = Debug|Any CPU
		{69C95B7C-CA31-4CEE-8F33-684B58AE61B9}.Debug|x86.Build.0 = Debug|Any CPU
		{69C95B7C-CA31-4CEE-8F33-684B58AE61B9}.Release|Any CPU.ActiveCfg = Release|Any CPU
		{69C95B7C-CA31-4CEE-8F33-684B58AE61B9}.Release|Any CPU.Build.0 = Release|Any CPU
		{69C95B7C-CA31-4CEE-8F33-684B58AE61B9}.Release|x64.ActiveCfg = Release|Any CPU
		{69C95B7C-CA31-4CEE-8F33-684B58AE61B9}.Release|x64.Build.0 = Release|Any CPU
		{69C95B7C-CA31-4CEE-8F33-684B58AE61B9}.Release|x86.ActiveCfg = Release|Any CPU
		{69C95B7C-CA31-4CEE-8F33-684B58AE61B9}.Release|x86.Build.0 = Release|Any CPU
		{13FB8597-316C-464D-A9BD-F44144B7E310}.Debug|Any CPU.ActiveCfg = Debug|Any CPU
		{13FB8597-316C-464D-A9BD-F44144B7E310}.Debug|Any CPU.Build.0 = Debug|Any CPU
		{13FB8597-316C-464D-A9BD-F44144B7E310}.Debug|x64.ActiveCfg = Debug|Any CPU
		{13FB8597-316C-464D-A9BD-F44144B7E310}.Debug|x64.Build.0 = Debug|Any CPU
		{13FB8597-316C-464D-A9BD-F44144B7E310}.Debug|x86.ActiveCfg = Debug|Any CPU
		{13FB8597-316C-464D-A9BD-F44144B7E310}.Debug|x86.Build.0 = Debug|Any CPU
		{13FB8597-316C-464D-A9BD-F44144B7E310}.Release|Any CPU.ActiveCfg = Release|Any CPU
		{13FB8597-316C-464D-A9BD-F44144B7E310}.Release|Any CPU.Build.0 = Release|Any CPU
		{13FB8597-316C-464D-A9BD-F44144B7E310}.Release|x64.ActiveCfg = Release|Any CPU
		{13FB8597-316C-464D-A9BD-F44144B7E310}.Release|x64.Build.0 = Release|Any CPU
		{13FB8597-316C-464D-A9BD-F44144B7E310}.Release|x86.ActiveCfg = Release|Any CPU
		{13FB8597-316C-464D-A9BD-F44144B7E310}.Release|x86.Build.0 = Release|Any CPU
	EndGlobalSection
	GlobalSection(SolutionProperties) = preSolution
		HideSolutionNode = FALSE
	EndGlobalSection
EndGlobal
