
Microsoft Visual Studio Solution File, Format Version 12.00
# Visual Studio Version 16
VisualStudioVersion = 16.0.30114.105
MinimumVisualStudioVersion = 10.0.40219.1
Project("{FAE04EC0-301F-11D3-BF4B-00C04F79EFBC}") = "R5T.D0113.A001", "R5T.D0113.A001\R5T.D0113.A001.csproj", "{4AE49118-875D-4E30-9E01-11C6F0B3845F}"
EndProject
Project("{FAE04EC0-301F-11D3-BF4B-00C04F79EFBC}") = "R5T.D0113.Base", "R5T.D0113.Base\R5T.D0113.Base.csproj", "{F15158D1-9B13-431D-A0B0-D583C6370FB7}"
EndProject
Project("{FAE04EC0-301F-11D3-BF4B-00C04F79EFBC}") = "R5T.D0113.Construction", "R5T.D0113.Construction\R5T.D0113.Construction.csproj", "{0BF5F918-7D27-43A6-BBFE-C39A2313EBFA}"
EndProject
Project("{FAE04EC0-301F-11D3-BF4B-00C04F79EFBC}") = "R5T.D0113.I001", "R5T.D0113.I001\R5T.D0113.I001.csproj", "{68EF8B20-BA75-4B3C-BF21-AEFD0DE5FBBC}"
EndProject
Project("{FAE04EC0-301F-11D3-BF4B-00C04F79EFBC}") = "R5T.D0113.I001.V001", "R5T.D0113.I001.V001\R5T.D0113.I001.V001.csproj", "{46F6241E-B626-49EA-A1A9-DE3AD99E74C8}"
EndProject
Project("{FAE04EC0-301F-11D3-BF4B-00C04F79EFBC}") = "R5T.D0113.V001", "R5T.D0113.V001\R5T.D0113.V001.csproj", "{A42F8894-7648-422F-A1CE-FB7C8D96DA79}"
EndProject
Project("{FAE04EC0-301F-11D3-BF4B-00C04F79EFBC}") = "R5T.D0113.X000", "R5T.D0113.X000\R5T.D0113.X000.csproj", "{8549ADC3-BE00-4B71-8281-DC1A56411C98}"
EndProject
Global
	GlobalSection(SolutionConfigurationPlatforms) = preSolution
		Debug|Any CPU = Debug|Any CPU
		Debug|x64 = Debug|x64
		Debug|x86 = Debug|x86
		Release|Any CPU = Release|Any CPU
		Release|x64 = Release|x64
		Release|x86 = Release|x86
	EndGlobalSection
	GlobalSection(SolutionProperties) = preSolution
		HideSolutionNode = FALSE
	EndGlobalSection
	GlobalSection(ProjectConfigurationPlatforms) = postSolution
		{4AE49118-875D-4E30-9E01-11C6F0B3845F}.Debug|Any CPU.ActiveCfg = Debug|Any CPU
		{4AE49118-875D-4E30-9E01-11C6F0B3845F}.Debug|Any CPU.Build.0 = Debug|Any CPU
		{4AE49118-875D-4E30-9E01-11C6F0B3845F}.Debug|x64.ActiveCfg = Debug|Any CPU
		{4AE49118-875D-4E30-9E01-11C6F0B3845F}.Debug|x64.Build.0 = Debug|Any CPU
		{4AE49118-875D-4E30-9E01-11C6F0B3845F}.Debug|x86.ActiveCfg = Debug|Any CPU
		{4AE49118-875D-4E30-9E01-11C6F0B3845F}.Debug|x86.Build.0 = Debug|Any CPU
		{4AE49118-875D-4E30-9E01-11C6F0B3845F}.Release|Any CPU.ActiveCfg = Release|Any CPU
		{4AE49118-875D-4E30-9E01-11C6F0B3845F}.Release|Any CPU.Build.0 = Release|Any CPU
		{4AE49118-875D-4E30-9E01-11C6F0B3845F}.Release|x64.ActiveCfg = Release|Any CPU
		{4AE49118-875D-4E30-9E01-11C6F0B3845F}.Release|x64.Build.0 = Release|Any CPU
		{4AE49118-875D-4E30-9E01-11C6F0B3845F}.Release|x86.ActiveCfg = Release|Any CPU
		{4AE49118-875D-4E30-9E01-11C6F0B3845F}.Release|x86.Build.0 = Release|Any CPU
		{F15158D1-9B13-431D-A0B0-D583C6370FB7}.Debug|Any CPU.ActiveCfg = Debug|Any CPU
		{F15158D1-9B13-431D-A0B0-D583C6370FB7}.Debug|Any CPU.Build.0 = Debug|Any CPU
		{F15158D1-9B13-431D-A0B0-D583C6370FB7}.Debug|x64.ActiveCfg = Debug|Any CPU
		{F15158D1-9B13-431D-A0B0-D583C6370FB7}.Debug|x64.Build.0 = Debug|Any CPU
		{F15158D1-9B13-431D-A0B0-D583C6370FB7}.Debug|x86.ActiveCfg = Debug|Any CPU
		{F15158D1-9B13-431D-A0B0-D583C6370FB7}.Debug|x86.Build.0 = Debug|Any CPU
		{F15158D1-9B13-431D-A0B0-D583C6370FB7}.Release|Any CPU.ActiveCfg = Release|Any CPU
		{F15158D1-9B13-431D-A0B0-D583C6370FB7}.Release|Any CPU.Build.0 = Release|Any CPU
		{F15158D1-9B13-431D-A0B0-D583C6370FB7}.Release|x64.ActiveCfg = Release|Any CPU
		{F15158D1-9B13-431D-A0B0-D583C6370FB7}.Release|x64.Build.0 = Release|Any CPU
		{F15158D1-9B13-431D-A0B0-D583C6370FB7}.Release|x86.ActiveCfg = Release|Any CPU
		{F15158D1-9B13-431D-A0B0-D583C6370FB7}.Release|x86.Build.0 = Release|Any CPU
		{0BF5F918-7D27-43A6-BBFE-C39A2313EBFA}.Debug|Any CPU.ActiveCfg = Debug|Any CPU
		{0BF5F918-7D27-43A6-BBFE-C39A2313EBFA}.Debug|Any CPU.Build.0 = Debug|Any CPU
		{0BF5F918-7D27-43A6-BBFE-C39A2313EBFA}.Debug|x64.ActiveCfg = Debug|Any CPU
		{0BF5F918-7D27-43A6-BBFE-C39A2313EBFA}.Debug|x64.Build.0 = Debug|Any CPU
		{0BF5F918-7D27-43A6-BBFE-C39A2313EBFA}.Debug|x86.ActiveCfg = Debug|Any CPU
		{0BF5F918-7D27-43A6-BBFE-C39A2313EBFA}.Debug|x86.Build.0 = Debug|Any CPU
		{0BF5F918-7D27-43A6-BBFE-C39A2313EBFA}.Release|Any CPU.ActiveCfg = Release|Any CPU
		{0BF5F918-7D27-43A6-BBFE-C39A2313EBFA}.Release|Any CPU.Build.0 = Release|Any CPU
		{0BF5F918-7D27-43A6-BBFE-C39A2313EBFA}.Release|x64.ActiveCfg = Release|Any CPU
		{0BF5F918-7D27-43A6-BBFE-C39A2313EBFA}.Release|x64.Build.0 = Release|Any CPU
		{0BF5F918-7D27-43A6-BBFE-C39A2313EBFA}.Release|x86.ActiveCfg = Release|Any CPU
		{0BF5F918-7D27-43A6-BBFE-C39A2313EBFA}.Release|x86.Build.0 = Release|Any CPU
		{68EF8B20-BA75-4B3C-BF21-AEFD0DE5FBBC}.Debug|Any CPU.ActiveCfg = Debug|Any CPU
		{68EF8B20-BA75-4B3C-BF21-AEFD0DE5FBBC}.Debug|Any CPU.Build.0 = Debug|Any CPU
		{68EF8B20-BA75-4B3C-BF21-AEFD0DE5FBBC}.Debug|x64.ActiveCfg = Debug|Any CPU
		{68EF8B20-BA75-4B3C-BF21-AEFD0DE5FBBC}.Debug|x64.Build.0 = Debug|Any CPU
		{68EF8B20-BA75-4B3C-BF21-AEFD0DE5FBBC}.Debug|x86.ActiveCfg = Debug|Any CPU
		{68EF8B20-BA75-4B3C-BF21-AEFD0DE5FBBC}.Debug|x86.Build.0 = Debug|Any CPU
		{68EF8B20-BA75-4B3C-BF21-AEFD0DE5FBBC}.Release|Any CPU.ActiveCfg = Release|Any CPU
		{68EF8B20-BA75-4B3C-BF21-AEFD0DE5FBBC}.Release|Any CPU.Build.0 = Release|Any CPU
		{68EF8B20-BA75-4B3C-BF21-AEFD0DE5FBBC}.Release|x64.ActiveCfg = Release|Any CPU
		{68EF8B20-BA75-4B3C-BF21-AEFD0DE5FBBC}.Release|x64.Build.0 = Release|Any CPU
		{68EF8B20-BA75-4B3C-BF21-AEFD0DE5FBBC}.Release|x86.ActiveCfg = Release|Any CPU
		{68EF8B20-BA75-4B3C-BF21-AEFD0DE5FBBC}.Release|x86.Build.0 = Release|Any CPU
		{46F6241E-B626-49EA-A1A9-DE3AD99E74C8}.Debug|Any CPU.ActiveCfg = Debug|Any CPU
		{46F6241E-B626-49EA-A1A9-DE3AD99E74C8}.Debug|Any CPU.Build.0 = Debug|Any CPU
		{46F6241E-B626-49EA-A1A9-DE3AD99E74C8}.Debug|x64.ActiveCfg = Debug|Any CPU
		{46F6241E-B626-49EA-A1A9-DE3AD99E74C8}.Debug|x64.Build.0 = Debug|Any CPU
		{46F6241E-B626-49EA-A1A9-DE3AD99E74C8}.Debug|x86.ActiveCfg = Debug|Any CPU
		{46F6241E-B626-49EA-A1A9-DE3AD99E74C8}.Debug|x86.Build.0 = Debug|Any CPU
		{46F6241E-B626-49EA-A1A9-DE3AD99E74C8}.Release|Any CPU.ActiveCfg = Release|Any CPU
		{46F6241E-B626-49EA-A1A9-DE3AD99E74C8}.Release|Any CPU.Build.0 = Release|Any CPU
		{46F6241E-B626-49EA-A1A9-DE3AD99E74C8}.Release|x64.ActiveCfg = Release|Any CPU
		{46F6241E-B626-49EA-A1A9-DE3AD99E74C8}.Release|x64.Build.0 = Release|Any CPU
		{46F6241E-B626-49EA-A1A9-DE3AD99E74C8}.Release|x86.ActiveCfg = Release|Any CPU
		{46F6241E-B626-49EA-A1A9-DE3AD99E74C8}.Release|x86.Build.0 = Release|Any CPU
		{A42F8894-7648-422F-A1CE-FB7C8D96DA79}.Debug|Any CPU.ActiveCfg = Debug|Any CPU
		{A42F8894-7648-422F-A1CE-FB7C8D96DA79}.Debug|Any CPU.Build.0 = Debug|Any CPU
		{A42F8894-7648-422F-A1CE-FB7C8D96DA79}.Debug|x64.ActiveCfg = Debug|Any CPU
		{A42F8894-7648-422F-A1CE-FB7C8D96DA79}.Debug|x64.Build.0 = Debug|Any CPU
		{A42F8894-7648-422F-A1CE-FB7C8D96DA79}.Debug|x86.ActiveCfg = Debug|Any CPU
		{A42F8894-7648-422F-A1CE-FB7C8D96DA79}.Debug|x86.Build.0 = Debug|Any CPU
		{A42F8894-7648-422F-A1CE-FB7C8D96DA79}.Release|Any CPU.ActiveCfg = Release|Any CPU
		{A42F8894-7648-422F-A1CE-FB7C8D96DA79}.Release|Any CPU.Build.0 = Release|Any CPU
		{A42F8894-7648-422F-A1CE-FB7C8D96DA79}.Release|x64.ActiveCfg = Release|Any CPU
		{A42F8894-7648-422F-A1CE-FB7C8D96DA79}.Release|x64.Build.0 = Release|Any CPU
		{A42F8894-7648-422F-A1CE-FB7C8D96DA79}.Release|x86.ActiveCfg = Release|Any CPU
		{A42F8894-7648-422F-A1CE-FB7C8D96DA79}.Release|x86.Build.0 = Release|Any CPU
		{8549ADC3-BE00-4B71-8281-DC1A56411C98}.Debug|Any CPU.ActiveCfg = Debug|Any CPU
		{8549ADC3-BE00-4B71-8281-DC1A56411C98}.Debug|Any CPU.Build.0 = Debug|Any CPU
		{8549ADC3-BE00-4B71-8281-DC1A56411C98}.Debug|x64.ActiveCfg = Debug|Any CPU
		{8549ADC3-BE00-4B71-8281-DC1A56411C98}.Debug|x64.Build.0 = Debug|Any CPU
		{8549ADC3-BE00-4B71-8281-DC1A56411C98}.Debug|x86.ActiveCfg = Debug|Any CPU
		{8549ADC3-BE00-4B71-8281-DC1A56411C98}.Debug|x86.Build.0 = Debug|Any CPU
		{8549ADC3-BE00-4B71-8281-DC1A56411C98}.Release|Any CPU.ActiveCfg = Release|Any CPU
		{8549ADC3-BE00-4B71-8281-DC1A56411C98}.Release|Any CPU.Build.0 = Release|Any CPU
		{8549ADC3-BE00-4B71-8281-DC1A56411C98}.Release|x64.ActiveCfg = Release|Any CPU
		{8549ADC3-BE00-4B71-8281-DC1A56411C98}.Release|x64.Build.0 = Release|Any CPU
		{8549ADC3-BE00-4B71-8281-DC1A56411C98}.Release|x86.ActiveCfg = Release|Any CPU
		{8549ADC3-BE00-4B71-8281-DC1A56411C98}.Release|x86.Build.0 = Release|Any CPU
	EndGlobalSection
EndGlobal
