
Microsoft Visual Studio Solution File, Format Version 12.00
# Visual Studio Version 16
VisualStudioVersion = 16.6.30114.105
MinimumVisualStudioVersion = 10.0.40219.1
Project("{9A19103F-16F7-4668-BE54-9A1E7A4F7556}") = "R5T.D0113.Base", "R5T.D0113.Base\R5T.D0113.Base.csproj", "{E2E5F4C9-3B20-44F7-9025-4E27EFB22970}"
EndProject
Project("{2150E333-8FDC-42A3-9474-1A3956D46DE8}") = "_Dependencies", "_Dependencies", "{66A0AFF6-1C43-497B-8B22-E794AD64EB76}"
EndProject
Project("{9A19103F-16F7-4668-BE54-9A1E7A4F7556}") = "R5T.D0113.I001", "R5T.D0113.I001\R5T.D0113.I001.csproj", "{8FD58952-FF8F-4E26-BBA0-7F7DDF9FEF7F}"
EndProject
Project("{9A19103F-16F7-4668-BE54-9A1E7A4F7556}") = "R5T.T0064", "..\..\R5T.T0064\source\R5T.T0064\R5T.T0064.csproj", "{E1E88DBF-178A-48C4-AB51-150311AB4B53}"
EndProject
Project("{9A19103F-16F7-4668-BE54-9A1E7A4F7556}") = "R5T.T0062.X001", "..\..\R5T.T0062\source\R5T.T0062.X001\R5T.T0062.X001.csproj", "{C497E509-086B-4205-8D13-AB3851FA7FAB}"
EndProject
Project("{9A19103F-16F7-4668-BE54-9A1E7A4F7556}") = "R5T.D0113.V001", "R5T.D0113.V001\R5T.D0113.V001.csproj", "{2F20C077-8A07-4B8D-A9DB-3966B64BCF82}"
EndProject
Project("{9A19103F-16F7-4668-BE54-9A1E7A4F7556}") = "R5T.L0020", "..\..\R5T.L0020\source\R5T.L0020\R5T.L0020.csproj", "{F6C2F7D4-D9B8-472D-B9B9-70ABBACAAF16}"
EndProject
Project("{9A19103F-16F7-4668-BE54-9A1E7A4F7556}") = "R5T.T0118", "..\..\R5T.T0118\source\R5T.T0118\R5T.T0118.csproj", "{ED5AC97E-0DDD-471F-A134-771FC1BA14AE}"
EndProject
Project("{9A19103F-16F7-4668-BE54-9A1E7A4F7556}") = "R5T.T0021.X0002", "..\..\R5T.T0021.X0002\source\R5T.T0021.X0002\R5T.T0021.X0002.csproj", "{D8118094-3B7B-445C-8A59-6262C2F26D5A}"
EndProject
Project("{9A19103F-16F7-4668-BE54-9A1E7A4F7556}") = "R5T.T0042.X001", "..\..\R5T.T0042\source\R5T.T0042.X001\R5T.T0042.X001.csproj", "{0A0FE624-DA17-428C-AEB9-DCEE76AEAEF0}"
EndProject
Project("{9A19103F-16F7-4668-BE54-9A1E7A4F7556}") = "R5T.D0113.X000", "R5T.D0113.X000\R5T.D0113.X000.csproj", "{45DF9AAC-B2EA-4F0F-A11F-96AE9EE41D6F}"
EndProject
Project("{9A19103F-16F7-4668-BE54-9A1E7A4F7556}") = "R5T.Magyar.T002", "..\..\R5T.Magyar\source\R5T.Magyar.T002\R5T.Magyar.T002.csproj", "{644CA59A-D173-4E60-BCEA-41752754803A}"
EndProject
Project("{9A19103F-16F7-4668-BE54-9A1E7A4F7556}") = "R5T.Magyar.T002.X000", "..\..\R5T.Magyar\source\R5T.Magyar.T002.X000\R5T.Magyar.T002.X000.csproj", "{D009F01F-B69F-4946-8319-3BAA7E9CBAD4}"
EndProject
Project("{9A19103F-16F7-4668-BE54-9A1E7A4F7556}") = "R5T.D0113.I001.V001", "R5T.D0113.I001.V001\R5T.D0113.I001.V001.csproj", "{F8D0CFE4-796D-4F1A-A5CF-7CCED82116B7}"
EndProject
Project("{9A19103F-16F7-4668-BE54-9A1E7A4F7556}") = "R5T.D0114.Base", "..\..\R5T.D0114\source\R5T.D0114.Base\R5T.D0114.Base.csproj", "{5E4E446E-5D71-47DE-8D33-C23F44C826B9}"
EndProject
Project("{9A19103F-16F7-4668-BE54-9A1E7A4F7556}") = "R5T.T0061", "..\..\R5T.T0061\source\R5T.T0061\R5T.T0061.csproj", "{3C661864-1A09-4DCB-A05F-47A5663019A5}"
EndProject
Project("{9A19103F-16F7-4668-BE54-9A1E7A4F7556}") = "R5T.T0061.X002", "..\..\R5T.T0061\source\R5T.T0061.X002\R5T.T0061.X002.csproj", "{04A96CB0-62ED-40E1-AC1E-ACF139021B63}"
EndProject
Project("{9A19103F-16F7-4668-BE54-9A1E7A4F7556}") = "R5T.D0114.X001", "..\..\R5T.D0114\source\R5T.D0114.X001\R5T.D0114.X001.csproj", "{58C888B8-3BAE-4159-BE83-97885BEC32E0}"
EndProject
Project("{9A19103F-16F7-4668-BE54-9A1E7A4F7556}") = "R5T.T0063", "..\..\R5T.T0063\source\R5T.T0063\R5T.T0063.csproj", "{DB2143DF-94DA-46DD-A920-16000591E4E8}"
EndProject
Project("{9A19103F-16F7-4668-BE54-9A1E7A4F7556}") = "R5T.L0013", "..\..\R5T.L0013\source\R5T.L0013\R5T.L0013.csproj", "{BD6FD1C0-6C03-4C14-BC31-E00035B46917}"
EndProject
Project("{9A19103F-16F7-4668-BE54-9A1E7A4F7556}") = "R5T.T0062", "..\..\R5T.T0062\source\R5T.T0062\R5T.T0062.csproj", "{C1B2D96D-6EE0-4FF4-A7CF-6DA70CEFB1FF}"
EndProject
Project("{9A19103F-16F7-4668-BE54-9A1E7A4F7556}") = "R5T.T0039.T002", "..\..\R5T.T0039\source\R5T.T0039.T002\R5T.T0039.T002.csproj", "{3DCE9F4B-F598-4FD1-857B-92A45711146E}"
EndProject
Project("{9A19103F-16F7-4668-BE54-9A1E7A4F7556}") = "R5T.Magyar", "..\..\R5T.Magyar\source\R5T.Magyar\R5T.Magyar.csproj", "{4293E963-0262-474F-9D7A-139585DFE3DE}"
EndProject
Project("{9A19103F-16F7-4668-BE54-9A1E7A4F7556}") = "R5T.T0042", "..\..\R5T.T0042\source\R5T.T0042\R5T.T0042.csproj", "{94A50290-380B-481B-A7C8-9F4B16724861}"
EndProject
Project("{9A19103F-16F7-4668-BE54-9A1E7A4F7556}") = "R5T.T0021", "..\..\R5T.T0021\source\R5T.T0021\R5T.T0021.csproj", "{53EBD0C6-4A5A-4757-9DED-FF83261E512D}"
EndProject
Project("{9A19103F-16F7-4668-BE54-9A1E7A4F7556}") = "R5T.T0067.X001", "..\..\R5T.T0067\source\R5T.T0067.X001\R5T.T0067.X001.csproj", "{C9AFFC33-40EB-4004-AC7C-FCF769B23BC5}"
EndProject
Project("{9A19103F-16F7-4668-BE54-9A1E7A4F7556}") = "R5T.T0067", "..\..\R5T.T0067\source\R5T.T0067\R5T.T0067.csproj", "{A4D291E9-DF0E-4CF3-9886-CDC5279EA885}"
EndProject
Project("{9A19103F-16F7-4668-BE54-9A1E7A4F7556}") = "R5T.T0072", "..\..\R5T.T0072\source\R5T.T0072\R5T.T0072.csproj", "{AEB33C32-4B0A-4052-A356-C83B262EC510}"
EndProject
Project("{9A19103F-16F7-4668-BE54-9A1E7A4F7556}") = "R5T.T0079", "..\..\R5T.T0079\source\R5T.T0079\R5T.T0079.csproj", "{0251B7F3-9F7C-419B-9986-8DB06E217660}"
EndProject
Project("{9A19103F-16F7-4668-BE54-9A1E7A4F7556}") = "R5T.T0021.X0002.X002", "..\..\R5T.T0021.X0002\source\R5T.T0021.X0002.X002\R5T.T0021.X0002.X002.csproj", "{DAE3FCFC-E022-40D7-AA59-9C7F22A3966C}"
EndProject
Project("{9A19103F-16F7-4668-BE54-9A1E7A4F7556}") = "R5T.T0119.X001", "..\..\R5T.T0119\source\R5T.T0119.X001\R5T.T0119.X001.csproj", "{9652BF31-584F-4840-8506-965CA2997E3F}"
EndProject
Project("{9A19103F-16F7-4668-BE54-9A1E7A4F7556}") = "R5T.T0120.X002", "..\..\R5T.T0120\source\R5T.T0120.X002\R5T.T0120.X002.csproj", "{707AA2A6-E806-4465-997E-FE90F8016617}"
EndProject
Project("{9A19103F-16F7-4668-BE54-9A1E7A4F7556}") = "R5T.T0119", "..\..\R5T.T0119\source\R5T.T0119\R5T.T0119.csproj", "{D2D67AC0-ABEF-4D11-AA31-EF5F165C0A87}"
EndProject
Project("{9A19103F-16F7-4668-BE54-9A1E7A4F7556}") = "R5T.T0120", "..\..\R5T.T0120\source\R5T.T0120\R5T.T0120.csproj", "{9CF8919F-DD43-4683-9F59-E6900C177D63}"
EndProject
Global
	GlobalSection(SolutionConfigurationPlatforms) = preSolution
		Debug|Any CPU = Debug|Any CPU
		Debug|x64 = Debug|x64
		Debug|x86 = Debug|x86
		Release|Any CPU = Release|Any CPU
		Release|x64 = Release|x64
		Release|x86 = Release|x86
	EndGlobalSection
	GlobalSection(ProjectConfigurationPlatforms) = postSolution
		{E2E5F4C9-3B20-44F7-9025-4E27EFB22970}.Debug|Any CPU.ActiveCfg = Debug|Any CPU
		{E2E5F4C9-3B20-44F7-9025-4E27EFB22970}.Debug|Any CPU.Build.0 = Debug|Any CPU
		{E2E5F4C9-3B20-44F7-9025-4E27EFB22970}.Debug|x64.ActiveCfg = Debug|Any CPU
		{E2E5F4C9-3B20-44F7-9025-4E27EFB22970}.Debug|x64.Build.0 = Debug|Any CPU
		{E2E5F4C9-3B20-44F7-9025-4E27EFB22970}.Debug|x86.ActiveCfg = Debug|Any CPU
		{E2E5F4C9-3B20-44F7-9025-4E27EFB22970}.Debug|x86.Build.0 = Debug|Any CPU
		{E2E5F4C9-3B20-44F7-9025-4E27EFB22970}.Release|Any CPU.ActiveCfg = Release|Any CPU
		{E2E5F4C9-3B20-44F7-9025-4E27EFB22970}.Release|Any CPU.Build.0 = Release|Any CPU
		{E2E5F4C9-3B20-44F7-9025-4E27EFB22970}.Release|x64.ActiveCfg = Release|Any CPU
		{E2E5F4C9-3B20-44F7-9025-4E27EFB22970}.Release|x64.Build.0 = Release|Any CPU
		{E2E5F4C9-3B20-44F7-9025-4E27EFB22970}.Release|x86.ActiveCfg = Release|Any CPU
		{E2E5F4C9-3B20-44F7-9025-4E27EFB22970}.Release|x86.Build.0 = Release|Any CPU
		{8FD58952-FF8F-4E26-BBA0-7F7DDF9FEF7F}.Debug|Any CPU.ActiveCfg = Debug|Any CPU
		{8FD58952-FF8F-4E26-BBA0-7F7DDF9FEF7F}.Debug|Any CPU.Build.0 = Debug|Any CPU
		{8FD58952-FF8F-4E26-BBA0-7F7DDF9FEF7F}.Debug|x64.ActiveCfg = Debug|Any CPU
		{8FD58952-FF8F-4E26-BBA0-7F7DDF9FEF7F}.Debug|x64.Build.0 = Debug|Any CPU
		{8FD58952-FF8F-4E26-BBA0-7F7DDF9FEF7F}.Debug|x86.ActiveCfg = Debug|Any CPU
		{8FD58952-FF8F-4E26-BBA0-7F7DDF9FEF7F}.Debug|x86.Build.0 = Debug|Any CPU
		{8FD58952-FF8F-4E26-BBA0-7F7DDF9FEF7F}.Release|Any CPU.ActiveCfg = Release|Any CPU
		{8FD58952-FF8F-4E26-BBA0-7F7DDF9FEF7F}.Release|Any CPU.Build.0 = Release|Any CPU
		{8FD58952-FF8F-4E26-BBA0-7F7DDF9FEF7F}.Release|x64.ActiveCfg = Release|Any CPU
		{8FD58952-FF8F-4E26-BBA0-7F7DDF9FEF7F}.Release|x64.Build.0 = Release|Any CPU
		{8FD58952-FF8F-4E26-BBA0-7F7DDF9FEF7F}.Release|x86.ActiveCfg = Release|Any CPU
		{8FD58952-FF8F-4E26-BBA0-7F7DDF9FEF7F}.Release|x86.Build.0 = Release|Any CPU
		{E1E88DBF-178A-48C4-AB51-150311AB4B53}.Debug|Any CPU.ActiveCfg = Debug|Any CPU
		{E1E88DBF-178A-48C4-AB51-150311AB4B53}.Debug|Any CPU.Build.0 = Debug|Any CPU
		{E1E88DBF-178A-48C4-AB51-150311AB4B53}.Debug|x64.ActiveCfg = Debug|Any CPU
		{E1E88DBF-178A-48C4-AB51-150311AB4B53}.Debug|x64.Build.0 = Debug|Any CPU
		{E1E88DBF-178A-48C4-AB51-150311AB4B53}.Debug|x86.ActiveCfg = Debug|Any CPU
		{E1E88DBF-178A-48C4-AB51-150311AB4B53}.Debug|x86.Build.0 = Debug|Any CPU
		{E1E88DBF-178A-48C4-AB51-150311AB4B53}.Release|Any CPU.ActiveCfg = Release|Any CPU
		{E1E88DBF-178A-48C4-AB51-150311AB4B53}.Release|Any CPU.Build.0 = Release|Any CPU
		{E1E88DBF-178A-48C4-AB51-150311AB4B53}.Release|x64.ActiveCfg = Release|Any CPU
		{E1E88DBF-178A-48C4-AB51-150311AB4B53}.Release|x64.Build.0 = Release|Any CPU
		{E1E88DBF-178A-48C4-AB51-150311AB4B53}.Release|x86.ActiveCfg = Release|Any CPU
		{E1E88DBF-178A-48C4-AB51-150311AB4B53}.Release|x86.Build.0 = Release|Any CPU
		{C497E509-086B-4205-8D13-AB3851FA7FAB}.Debug|Any CPU.ActiveCfg = Debug|Any CPU
		{C497E509-086B-4205-8D13-AB3851FA7FAB}.Debug|Any CPU.Build.0 = Debug|Any CPU
		{C497E509-086B-4205-8D13-AB3851FA7FAB}.Debug|x64.ActiveCfg = Debug|Any CPU
		{C497E509-086B-4205-8D13-AB3851FA7FAB}.Debug|x64.Build.0 = Debug|Any CPU
		{C497E509-086B-4205-8D13-AB3851FA7FAB}.Debug|x86.ActiveCfg = Debug|Any CPU
		{C497E509-086B-4205-8D13-AB3851FA7FAB}.Debug|x86.Build.0 = Debug|Any CPU
		{C497E509-086B-4205-8D13-AB3851FA7FAB}.Release|Any CPU.ActiveCfg = Release|Any CPU
		{C497E509-086B-4205-8D13-AB3851FA7FAB}.Release|Any CPU.Build.0 = Release|Any CPU
		{C497E509-086B-4205-8D13-AB3851FA7FAB}.Release|x64.ActiveCfg = Release|Any CPU
		{C497E509-086B-4205-8D13-AB3851FA7FAB}.Release|x64.Build.0 = Release|Any CPU
		{C497E509-086B-4205-8D13-AB3851FA7FAB}.Release|x86.ActiveCfg = Release|Any CPU
		{C497E509-086B-4205-8D13-AB3851FA7FAB}.Release|x86.Build.0 = Release|Any CPU
		{2F20C077-8A07-4B8D-A9DB-3966B64BCF82}.Debug|Any CPU.ActiveCfg = Debug|Any CPU
		{2F20C077-8A07-4B8D-A9DB-3966B64BCF82}.Debug|Any CPU.Build.0 = Debug|Any CPU
		{2F20C077-8A07-4B8D-A9DB-3966B64BCF82}.Debug|x64.ActiveCfg = Debug|Any CPU
		{2F20C077-8A07-4B8D-A9DB-3966B64BCF82}.Debug|x64.Build.0 = Debug|Any CPU
		{2F20C077-8A07-4B8D-A9DB-3966B64BCF82}.Debug|x86.ActiveCfg = Debug|Any CPU
		{2F20C077-8A07-4B8D-A9DB-3966B64BCF82}.Debug|x86.Build.0 = Debug|Any CPU
		{2F20C077-8A07-4B8D-A9DB-3966B64BCF82}.Release|Any CPU.ActiveCfg = Release|Any CPU
		{2F20C077-8A07-4B8D-A9DB-3966B64BCF82}.Release|Any CPU.Build.0 = Release|Any CPU
		{2F20C077-8A07-4B8D-A9DB-3966B64BCF82}.Release|x64.ActiveCfg = Release|Any CPU
		{2F20C077-8A07-4B8D-A9DB-3966B64BCF82}.Release|x64.Build.0 = Release|Any CPU
		{2F20C077-8A07-4B8D-A9DB-3966B64BCF82}.Release|x86.ActiveCfg = Release|Any CPU
		{2F20C077-8A07-4B8D-A9DB-3966B64BCF82}.Release|x86.Build.0 = Release|Any CPU
		{F6C2F7D4-D9B8-472D-B9B9-70ABBACAAF16}.Debug|Any CPU.ActiveCfg = Debug|Any CPU
		{F6C2F7D4-D9B8-472D-B9B9-70ABBACAAF16}.Debug|Any CPU.Build.0 = Debug|Any CPU
		{F6C2F7D4-D9B8-472D-B9B9-70ABBACAAF16}.Debug|x64.ActiveCfg = Debug|Any CPU
		{F6C2F7D4-D9B8-472D-B9B9-70ABBACAAF16}.Debug|x64.Build.0 = Debug|Any CPU
		{F6C2F7D4-D9B8-472D-B9B9-70ABBACAAF16}.Debug|x86.ActiveCfg = Debug|Any CPU
		{F6C2F7D4-D9B8-472D-B9B9-70ABBACAAF16}.Debug|x86.Build.0 = Debug|Any CPU
		{F6C2F7D4-D9B8-472D-B9B9-70ABBACAAF16}.Release|Any CPU.ActiveCfg = Release|Any CPU
		{F6C2F7D4-D9B8-472D-B9B9-70ABBACAAF16}.Release|Any CPU.Build.0 = Release|Any CPU
		{F6C2F7D4-D9B8-472D-B9B9-70ABBACAAF16}.Release|x64.ActiveCfg = Release|Any CPU
		{F6C2F7D4-D9B8-472D-B9B9-70ABBACAAF16}.Release|x64.Build.0 = Release|Any CPU
		{F6C2F7D4-D9B8-472D-B9B9-70ABBACAAF16}.Release|x86.ActiveCfg = Release|Any CPU
		{F6C2F7D4-D9B8-472D-B9B9-70ABBACAAF16}.Release|x86.Build.0 = Release|Any CPU
		{ED5AC97E-0DDD-471F-A134-771FC1BA14AE}.Debug|Any CPU.ActiveCfg = Debug|Any CPU
		{ED5AC97E-0DDD-471F-A134-771FC1BA14AE}.Debug|Any CPU.Build.0 = Debug|Any CPU
		{ED5AC97E-0DDD-471F-A134-771FC1BA14AE}.Debug|x64.ActiveCfg = Debug|Any CPU
		{ED5AC97E-0DDD-471F-A134-771FC1BA14AE}.Debug|x64.Build.0 = Debug|Any CPU
		{ED5AC97E-0DDD-471F-A134-771FC1BA14AE}.Debug|x86.ActiveCfg = Debug|Any CPU
		{ED5AC97E-0DDD-471F-A134-771FC1BA14AE}.Debug|x86.Build.0 = Debug|Any CPU
		{ED5AC97E-0DDD-471F-A134-771FC1BA14AE}.Release|Any CPU.ActiveCfg = Release|Any CPU
		{ED5AC97E-0DDD-471F-A134-771FC1BA14AE}.Release|Any CPU.Build.0 = Release|Any CPU
		{ED5AC97E-0DDD-471F-A134-771FC1BA14AE}.Release|x64.ActiveCfg = Release|Any CPU
		{ED5AC97E-0DDD-471F-A134-771FC1BA14AE}.Release|x64.Build.0 = Release|Any CPU
		{ED5AC97E-0DDD-471F-A134-771FC1BA14AE}.Release|x86.ActiveCfg = Release|Any CPU
		{ED5AC97E-0DDD-471F-A134-771FC1BA14AE}.Release|x86.Build.0 = Release|Any CPU
		{D8118094-3B7B-445C-8A59-6262C2F26D5A}.Debug|Any CPU.ActiveCfg = Debug|Any CPU
		{D8118094-3B7B-445C-8A59-6262C2F26D5A}.Debug|Any CPU.Build.0 = Debug|Any CPU
		{D8118094-3B7B-445C-8A59-6262C2F26D5A}.Debug|x64.ActiveCfg = Debug|Any CPU
		{D8118094-3B7B-445C-8A59-6262C2F26D5A}.Debug|x64.Build.0 = Debug|Any CPU
		{D8118094-3B7B-445C-8A59-6262C2F26D5A}.Debug|x86.ActiveCfg = Debug|Any CPU
		{D8118094-3B7B-445C-8A59-6262C2F26D5A}.Debug|x86.Build.0 = Debug|Any CPU
		{D8118094-3B7B-445C-8A59-6262C2F26D5A}.Release|Any CPU.ActiveCfg = Release|Any CPU
		{D8118094-3B7B-445C-8A59-6262C2F26D5A}.Release|Any CPU.Build.0 = Release|Any CPU
		{D8118094-3B7B-445C-8A59-6262C2F26D5A}.Release|x64.ActiveCfg = Release|Any CPU
		{D8118094-3B7B-445C-8A59-6262C2F26D5A}.Release|x64.Build.0 = Release|Any CPU
		{D8118094-3B7B-445C-8A59-6262C2F26D5A}.Release|x86.ActiveCfg = Release|Any CPU
		{D8118094-3B7B-445C-8A59-6262C2F26D5A}.Release|x86.Build.0 = Release|Any CPU
		{0A0FE624-DA17-428C-AEB9-DCEE76AEAEF0}.Debug|Any CPU.ActiveCfg = Debug|Any CPU
		{0A0FE624-DA17-428C-AEB9-DCEE76AEAEF0}.Debug|Any CPU.Build.0 = Debug|Any CPU
		{0A0FE624-DA17-428C-AEB9-DCEE76AEAEF0}.Debug|x64.ActiveCfg = Debug|Any CPU
		{0A0FE624-DA17-428C-AEB9-DCEE76AEAEF0}.Debug|x64.Build.0 = Debug|Any CPU
		{0A0FE624-DA17-428C-AEB9-DCEE76AEAEF0}.Debug|x86.ActiveCfg = Debug|Any CPU
		{0A0FE624-DA17-428C-AEB9-DCEE76AEAEF0}.Debug|x86.Build.0 = Debug|Any CPU
		{0A0FE624-DA17-428C-AEB9-DCEE76AEAEF0}.Release|Any CPU.ActiveCfg = Release|Any CPU
		{0A0FE624-DA17-428C-AEB9-DCEE76AEAEF0}.Release|Any CPU.Build.0 = Release|Any CPU
		{0A0FE624-DA17-428C-AEB9-DCEE76AEAEF0}.Release|x64.ActiveCfg = Release|Any CPU
		{0A0FE624-DA17-428C-AEB9-DCEE76AEAEF0}.Release|x64.Build.0 = Release|Any CPU
		{0A0FE624-DA17-428C-AEB9-DCEE76AEAEF0}.Release|x86.ActiveCfg = Release|Any CPU
		{0A0FE624-DA17-428C-AEB9-DCEE76AEAEF0}.Release|x86.Build.0 = Release|Any CPU
		{45DF9AAC-B2EA-4F0F-A11F-96AE9EE41D6F}.Debug|Any CPU.ActiveCfg = Debug|Any CPU
		{45DF9AAC-B2EA-4F0F-A11F-96AE9EE41D6F}.Debug|Any CPU.Build.0 = Debug|Any CPU
		{45DF9AAC-B2EA-4F0F-A11F-96AE9EE41D6F}.Debug|x64.ActiveCfg = Debug|Any CPU
		{45DF9AAC-B2EA-4F0F-A11F-96AE9EE41D6F}.Debug|x64.Build.0 = Debug|Any CPU
		{45DF9AAC-B2EA-4F0F-A11F-96AE9EE41D6F}.Debug|x86.ActiveCfg = Debug|Any CPU
		{45DF9AAC-B2EA-4F0F-A11F-96AE9EE41D6F}.Debug|x86.Build.0 = Debug|Any CPU
		{45DF9AAC-B2EA-4F0F-A11F-96AE9EE41D6F}.Release|Any CPU.ActiveCfg = Release|Any CPU
		{45DF9AAC-B2EA-4F0F-A11F-96AE9EE41D6F}.Release|Any CPU.Build.0 = Release|Any CPU
		{45DF9AAC-B2EA-4F0F-A11F-96AE9EE41D6F}.Release|x64.ActiveCfg = Release|Any CPU
		{45DF9AAC-B2EA-4F0F-A11F-96AE9EE41D6F}.Release|x64.Build.0 = Release|Any CPU
		{45DF9AAC-B2EA-4F0F-A11F-96AE9EE41D6F}.Release|x86.ActiveCfg = Release|Any CPU
		{45DF9AAC-B2EA-4F0F-A11F-96AE9EE41D6F}.Release|x86.Build.0 = Release|Any CPU
		{644CA59A-D173-4E60-BCEA-41752754803A}.Debug|Any CPU.ActiveCfg = Debug|Any CPU
		{644CA59A-D173-4E60-BCEA-41752754803A}.Debug|Any CPU.Build.0 = Debug|Any CPU
		{644CA59A-D173-4E60-BCEA-41752754803A}.Debug|x64.ActiveCfg = Debug|Any CPU
		{644CA59A-D173-4E60-BCEA-41752754803A}.Debug|x64.Build.0 = Debug|Any CPU
		{644CA59A-D173-4E60-BCEA-41752754803A}.Debug|x86.ActiveCfg = Debug|Any CPU
		{644CA59A-D173-4E60-BCEA-41752754803A}.Debug|x86.Build.0 = Debug|Any CPU
		{644CA59A-D173-4E60-BCEA-41752754803A}.Release|Any CPU.ActiveCfg = Release|Any CPU
		{644CA59A-D173-4E60-BCEA-41752754803A}.Release|Any CPU.Build.0 = Release|Any CPU
		{644CA59A-D173-4E60-BCEA-41752754803A}.Release|x64.ActiveCfg = Release|Any CPU
		{644CA59A-D173-4E60-BCEA-41752754803A}.Release|x64.Build.0 = Release|Any CPU
		{644CA59A-D173-4E60-BCEA-41752754803A}.Release|x86.ActiveCfg = Release|Any CPU
		{644CA59A-D173-4E60-BCEA-41752754803A}.Release|x86.Build.0 = Release|Any CPU
		{D009F01F-B69F-4946-8319-3BAA7E9CBAD4}.Debug|Any CPU.ActiveCfg = Debug|Any CPU
		{D009F01F-B69F-4946-8319-3BAA7E9CBAD4}.Debug|Any CPU.Build.0 = Debug|Any CPU
		{D009F01F-B69F-4946-8319-3BAA7E9CBAD4}.Debug|x64.ActiveCfg = Debug|Any CPU
		{D009F01F-B69F-4946-8319-3BAA7E9CBAD4}.Debug|x64.Build.0 = Debug|Any CPU
		{D009F01F-B69F-4946-8319-3BAA7E9CBAD4}.Debug|x86.ActiveCfg = Debug|Any CPU
		{D009F01F-B69F-4946-8319-3BAA7E9CBAD4}.Debug|x86.Build.0 = Debug|Any CPU
		{D009F01F-B69F-4946-8319-3BAA7E9CBAD4}.Release|Any CPU.ActiveCfg = Release|Any CPU
		{D009F01F-B69F-4946-8319-3BAA7E9CBAD4}.Release|Any CPU.Build.0 = Release|Any CPU
		{D009F01F-B69F-4946-8319-3BAA7E9CBAD4}.Release|x64.ActiveCfg = Release|Any CPU
		{D009F01F-B69F-4946-8319-3BAA7E9CBAD4}.Release|x64.Build.0 = Release|Any CPU
		{D009F01F-B69F-4946-8319-3BAA7E9CBAD4}.Release|x86.ActiveCfg = Release|Any CPU
		{D009F01F-B69F-4946-8319-3BAA7E9CBAD4}.Release|x86.Build.0 = Release|Any CPU
		{F8D0CFE4-796D-4F1A-A5CF-7CCED82116B7}.Debug|Any CPU.ActiveCfg = Debug|Any CPU
		{F8D0CFE4-796D-4F1A-A5CF-7CCED82116B7}.Debug|Any CPU.Build.0 = Debug|Any CPU
		{F8D0CFE4-796D-4F1A-A5CF-7CCED82116B7}.Debug|x64.ActiveCfg = Debug|Any CPU
		{F8D0CFE4-796D-4F1A-A5CF-7CCED82116B7}.Debug|x64.Build.0 = Debug|Any CPU
		{F8D0CFE4-796D-4F1A-A5CF-7CCED82116B7}.Debug|x86.ActiveCfg = Debug|Any CPU
		{F8D0CFE4-796D-4F1A-A5CF-7CCED82116B7}.Debug|x86.Build.0 = Debug|Any CPU
		{F8D0CFE4-796D-4F1A-A5CF-7CCED82116B7}.Release|Any CPU.ActiveCfg = Release|Any CPU
		{F8D0CFE4-796D-4F1A-A5CF-7CCED82116B7}.Release|Any CPU.Build.0 = Release|Any CPU
		{F8D0CFE4-796D-4F1A-A5CF-7CCED82116B7}.Release|x64.ActiveCfg = Release|Any CPU
		{F8D0CFE4-796D-4F1A-A5CF-7CCED82116B7}.Release|x64.Build.0 = Release|Any CPU
		{F8D0CFE4-796D-4F1A-A5CF-7CCED82116B7}.Release|x86.ActiveCfg = Release|Any CPU
		{F8D0CFE4-796D-4F1A-A5CF-7CCED82116B7}.Release|x86.Build.0 = Release|Any CPU
		{5E4E446E-5D71-47DE-8D33-C23F44C826B9}.Debug|Any CPU.ActiveCfg = Debug|Any CPU
		{5E4E446E-5D71-47DE-8D33-C23F44C826B9}.Debug|Any CPU.Build.0 = Debug|Any CPU
		{5E4E446E-5D71-47DE-8D33-C23F44C826B9}.Debug|x64.ActiveCfg = Debug|Any CPU
		{5E4E446E-5D71-47DE-8D33-C23F44C826B9}.Debug|x64.Build.0 = Debug|Any CPU
		{5E4E446E-5D71-47DE-8D33-C23F44C826B9}.Debug|x86.ActiveCfg = Debug|Any CPU
		{5E4E446E-5D71-47DE-8D33-C23F44C826B9}.Debug|x86.Build.0 = Debug|Any CPU
		{5E4E446E-5D71-47DE-8D33-C23F44C826B9}.Release|Any CPU.ActiveCfg = Release|Any CPU
		{5E4E446E-5D71-47DE-8D33-C23F44C826B9}.Release|Any CPU.Build.0 = Release|Any CPU
		{5E4E446E-5D71-47DE-8D33-C23F44C826B9}.Release|x64.ActiveCfg = Release|Any CPU
		{5E4E446E-5D71-47DE-8D33-C23F44C826B9}.Release|x64.Build.0 = Release|Any CPU
		{5E4E446E-5D71-47DE-8D33-C23F44C826B9}.Release|x86.ActiveCfg = Release|Any CPU
		{5E4E446E-5D71-47DE-8D33-C23F44C826B9}.Release|x86.Build.0 = Release|Any CPU
		{3C661864-1A09-4DCB-A05F-47A5663019A5}.Debug|Any CPU.ActiveCfg = Debug|Any CPU
		{3C661864-1A09-4DCB-A05F-47A5663019A5}.Debug|Any CPU.Build.0 = Debug|Any CPU
		{3C661864-1A09-4DCB-A05F-47A5663019A5}.Debug|x64.ActiveCfg = Debug|Any CPU
		{3C661864-1A09-4DCB-A05F-47A5663019A5}.Debug|x64.Build.0 = Debug|Any CPU
		{3C661864-1A09-4DCB-A05F-47A5663019A5}.Debug|x86.ActiveCfg = Debug|Any CPU
		{3C661864-1A09-4DCB-A05F-47A5663019A5}.Debug|x86.Build.0 = Debug|Any CPU
		{3C661864-1A09-4DCB-A05F-47A5663019A5}.Release|Any CPU.ActiveCfg = Release|Any CPU
		{3C661864-1A09-4DCB-A05F-47A5663019A5}.Release|Any CPU.Build.0 = Release|Any CPU
		{3C661864-1A09-4DCB-A05F-47A5663019A5}.Release|x64.ActiveCfg = Release|Any CPU
		{3C661864-1A09-4DCB-A05F-47A5663019A5}.Release|x64.Build.0 = Release|Any CPU
		{3C661864-1A09-4DCB-A05F-47A5663019A5}.Release|x86.ActiveCfg = Release|Any CPU
		{3C661864-1A09-4DCB-A05F-47A5663019A5}.Release|x86.Build.0 = Release|Any CPU
		{04A96CB0-62ED-40E1-AC1E-ACF139021B63}.Debug|Any CPU.ActiveCfg = Debug|Any CPU
		{04A96CB0-62ED-40E1-AC1E-ACF139021B63}.Debug|Any CPU.Build.0 = Debug|Any CPU
		{04A96CB0-62ED-40E1-AC1E-ACF139021B63}.Debug|x64.ActiveCfg = Debug|Any CPU
		{04A96CB0-62ED-40E1-AC1E-ACF139021B63}.Debug|x64.Build.0 = Debug|Any CPU
		{04A96CB0-62ED-40E1-AC1E-ACF139021B63}.Debug|x86.ActiveCfg = Debug|Any CPU
		{04A96CB0-62ED-40E1-AC1E-ACF139021B63}.Debug|x86.Build.0 = Debug|Any CPU
		{04A96CB0-62ED-40E1-AC1E-ACF139021B63}.Release|Any CPU.ActiveCfg = Release|Any CPU
		{04A96CB0-62ED-40E1-AC1E-ACF139021B63}.Release|Any CPU.Build.0 = Release|Any CPU
		{04A96CB0-62ED-40E1-AC1E-ACF139021B63}.Release|x64.ActiveCfg = Release|Any CPU
		{04A96CB0-62ED-40E1-AC1E-ACF139021B63}.Release|x64.Build.0 = Release|Any CPU
		{04A96CB0-62ED-40E1-AC1E-ACF139021B63}.Release|x86.ActiveCfg = Release|Any CPU
		{04A96CB0-62ED-40E1-AC1E-ACF139021B63}.Release|x86.Build.0 = Release|Any CPU
		{58C888B8-3BAE-4159-BE83-97885BEC32E0}.Debug|Any CPU.ActiveCfg = Debug|Any CPU
		{58C888B8-3BAE-4159-BE83-97885BEC32E0}.Debug|Any CPU.Build.0 = Debug|Any CPU
		{58C888B8-3BAE-4159-BE83-97885BEC32E0}.Debug|x64.ActiveCfg = Debug|Any CPU
		{58C888B8-3BAE-4159-BE83-97885BEC32E0}.Debug|x64.Build.0 = Debug|Any CPU
		{58C888B8-3BAE-4159-BE83-97885BEC32E0}.Debug|x86.ActiveCfg = Debug|Any CPU
		{58C888B8-3BAE-4159-BE83-97885BEC32E0}.Debug|x86.Build.0 = Debug|Any CPU
		{58C888B8-3BAE-4159-BE83-97885BEC32E0}.Release|Any CPU.ActiveCfg = Release|Any CPU
		{58C888B8-3BAE-4159-BE83-97885BEC32E0}.Release|Any CPU.Build.0 = Release|Any CPU
		{58C888B8-3BAE-4159-BE83-97885BEC32E0}.Release|x64.ActiveCfg = Release|Any CPU
		{58C888B8-3BAE-4159-BE83-97885BEC32E0}.Release|x64.Build.0 = Release|Any CPU
		{58C888B8-3BAE-4159-BE83-97885BEC32E0}.Release|x86.ActiveCfg = Release|Any CPU
		{58C888B8-3BAE-4159-BE83-97885BEC32E0}.Release|x86.Build.0 = Release|Any CPU
		{DB2143DF-94DA-46DD-A920-16000591E4E8}.Debug|Any CPU.ActiveCfg = Debug|Any CPU
		{DB2143DF-94DA-46DD-A920-16000591E4E8}.Debug|Any CPU.Build.0 = Debug|Any CPU
		{DB2143DF-94DA-46DD-A920-16000591E4E8}.Debug|x64.ActiveCfg = Debug|Any CPU
		{DB2143DF-94DA-46DD-A920-16000591E4E8}.Debug|x64.Build.0 = Debug|Any CPU
		{DB2143DF-94DA-46DD-A920-16000591E4E8}.Debug|x86.ActiveCfg = Debug|Any CPU
		{DB2143DF-94DA-46DD-A920-16000591E4E8}.Debug|x86.Build.0 = Debug|Any CPU
		{DB2143DF-94DA-46DD-A920-16000591E4E8}.Release|Any CPU.ActiveCfg = Release|Any CPU
		{DB2143DF-94DA-46DD-A920-16000591E4E8}.Release|Any CPU.Build.0 = Release|Any CPU
		{DB2143DF-94DA-46DD-A920-16000591E4E8}.Release|x64.ActiveCfg = Release|Any CPU
		{DB2143DF-94DA-46DD-A920-16000591E4E8}.Release|x64.Build.0 = Release|Any CPU
		{DB2143DF-94DA-46DD-A920-16000591E4E8}.Release|x86.ActiveCfg = Release|Any CPU
		{DB2143DF-94DA-46DD-A920-16000591E4E8}.Release|x86.Build.0 = Release|Any CPU
		{BD6FD1C0-6C03-4C14-BC31-E00035B46917}.Debug|Any CPU.ActiveCfg = Debug|Any CPU
		{BD6FD1C0-6C03-4C14-BC31-E00035B46917}.Debug|Any CPU.Build.0 = Debug|Any CPU
		{BD6FD1C0-6C03-4C14-BC31-E00035B46917}.Debug|x64.ActiveCfg = Debug|Any CPU
		{BD6FD1C0-6C03-4C14-BC31-E00035B46917}.Debug|x64.Build.0 = Debug|Any CPU
		{BD6FD1C0-6C03-4C14-BC31-E00035B46917}.Debug|x86.ActiveCfg = Debug|Any CPU
		{BD6FD1C0-6C03-4C14-BC31-E00035B46917}.Debug|x86.Build.0 = Debug|Any CPU
		{BD6FD1C0-6C03-4C14-BC31-E00035B46917}.Release|Any CPU.ActiveCfg = Release|Any CPU
		{BD6FD1C0-6C03-4C14-BC31-E00035B46917}.Release|Any CPU.Build.0 = Release|Any CPU
		{BD6FD1C0-6C03-4C14-BC31-E00035B46917}.Release|x64.ActiveCfg = Release|Any CPU
		{BD6FD1C0-6C03-4C14-BC31-E00035B46917}.Release|x64.Build.0 = Release|Any CPU
		{BD6FD1C0-6C03-4C14-BC31-E00035B46917}.Release|x86.ActiveCfg = Release|Any CPU
		{BD6FD1C0-6C03-4C14-BC31-E00035B46917}.Release|x86.Build.0 = Release|Any CPU
		{C1B2D96D-6EE0-4FF4-A7CF-6DA70CEFB1FF}.Debug|Any CPU.ActiveCfg = Debug|Any CPU
		{C1B2D96D-6EE0-4FF4-A7CF-6DA70CEFB1FF}.Debug|Any CPU.Build.0 = Debug|Any CPU
		{C1B2D96D-6EE0-4FF4-A7CF-6DA70CEFB1FF}.Debug|x64.ActiveCfg = Debug|Any CPU
		{C1B2D96D-6EE0-4FF4-A7CF-6DA70CEFB1FF}.Debug|x64.Build.0 = Debug|Any CPU
		{C1B2D96D-6EE0-4FF4-A7CF-6DA70CEFB1FF}.Debug|x86.ActiveCfg = Debug|Any CPU
		{C1B2D96D-6EE0-4FF4-A7CF-6DA70CEFB1FF}.Debug|x86.Build.0 = Debug|Any CPU
		{C1B2D96D-6EE0-4FF4-A7CF-6DA70CEFB1FF}.Release|Any CPU.ActiveCfg = Release|Any CPU
		{C1B2D96D-6EE0-4FF4-A7CF-6DA70CEFB1FF}.Release|Any CPU.Build.0 = Release|Any CPU
		{C1B2D96D-6EE0-4FF4-A7CF-6DA70CEFB1FF}.Release|x64.ActiveCfg = Release|Any CPU
		{C1B2D96D-6EE0-4FF4-A7CF-6DA70CEFB1FF}.Release|x64.Build.0 = Release|Any CPU
		{C1B2D96D-6EE0-4FF4-A7CF-6DA70CEFB1FF}.Release|x86.ActiveCfg = Release|Any CPU
		{C1B2D96D-6EE0-4FF4-A7CF-6DA70CEFB1FF}.Release|x86.Build.0 = Release|Any CPU
		{3DCE9F4B-F598-4FD1-857B-92A45711146E}.Debug|Any CPU.ActiveCfg = Debug|Any CPU
		{3DCE9F4B-F598-4FD1-857B-92A45711146E}.Debug|Any CPU.Build.0 = Debug|Any CPU
		{3DCE9F4B-F598-4FD1-857B-92A45711146E}.Debug|x64.ActiveCfg = Debug|Any CPU
		{3DCE9F4B-F598-4FD1-857B-92A45711146E}.Debug|x64.Build.0 = Debug|Any CPU
		{3DCE9F4B-F598-4FD1-857B-92A45711146E}.Debug|x86.ActiveCfg = Debug|Any CPU
		{3DCE9F4B-F598-4FD1-857B-92A45711146E}.Debug|x86.Build.0 = Debug|Any CPU
		{3DCE9F4B-F598-4FD1-857B-92A45711146E}.Release|Any CPU.ActiveCfg = Release|Any CPU
		{3DCE9F4B-F598-4FD1-857B-92A45711146E}.Release|Any CPU.Build.0 = Release|Any CPU
		{3DCE9F4B-F598-4FD1-857B-92A45711146E}.Release|x64.ActiveCfg = Release|Any CPU
		{3DCE9F4B-F598-4FD1-857B-92A45711146E}.Release|x64.Build.0 = Release|Any CPU
		{3DCE9F4B-F598-4FD1-857B-92A45711146E}.Release|x86.ActiveCfg = Release|Any CPU
		{3DCE9F4B-F598-4FD1-857B-92A45711146E}.Release|x86.Build.0 = Release|Any CPU
		{4293E963-0262-474F-9D7A-139585DFE3DE}.Debug|Any CPU.ActiveCfg = Debug|Any CPU
		{4293E963-0262-474F-9D7A-139585DFE3DE}.Debug|Any CPU.Build.0 = Debug|Any CPU
		{4293E963-0262-474F-9D7A-139585DFE3DE}.Debug|x64.ActiveCfg = Debug|Any CPU
		{4293E963-0262-474F-9D7A-139585DFE3DE}.Debug|x64.Build.0 = Debug|Any CPU
		{4293E963-0262-474F-9D7A-139585DFE3DE}.Debug|x86.ActiveCfg = Debug|Any CPU
		{4293E963-0262-474F-9D7A-139585DFE3DE}.Debug|x86.Build.0 = Debug|Any CPU
		{4293E963-0262-474F-9D7A-139585DFE3DE}.Release|Any CPU.ActiveCfg = Release|Any CPU
		{4293E963-0262-474F-9D7A-139585DFE3DE}.Release|Any CPU.Build.0 = Release|Any CPU
		{4293E963-0262-474F-9D7A-139585DFE3DE}.Release|x64.ActiveCfg = Release|Any CPU
		{4293E963-0262-474F-9D7A-139585DFE3DE}.Release|x64.Build.0 = Release|Any CPU
		{4293E963-0262-474F-9D7A-139585DFE3DE}.Release|x86.ActiveCfg = Release|Any CPU
		{4293E963-0262-474F-9D7A-139585DFE3DE}.Release|x86.Build.0 = Release|Any CPU
		{94A50290-380B-481B-A7C8-9F4B16724861}.Debug|Any CPU.ActiveCfg = Debug|Any CPU
		{94A50290-380B-481B-A7C8-9F4B16724861}.Debug|Any CPU.Build.0 = Debug|Any CPU
		{94A50290-380B-481B-A7C8-9F4B16724861}.Debug|x64.ActiveCfg = Debug|Any CPU
		{94A50290-380B-481B-A7C8-9F4B16724861}.Debug|x64.Build.0 = Debug|Any CPU
		{94A50290-380B-481B-A7C8-9F4B16724861}.Debug|x86.ActiveCfg = Debug|Any CPU
		{94A50290-380B-481B-A7C8-9F4B16724861}.Debug|x86.Build.0 = Debug|Any CPU
		{94A50290-380B-481B-A7C8-9F4B16724861}.Release|Any CPU.ActiveCfg = Release|Any CPU
		{94A50290-380B-481B-A7C8-9F4B16724861}.Release|Any CPU.Build.0 = Release|Any CPU
		{94A50290-380B-481B-A7C8-9F4B16724861}.Release|x64.ActiveCfg = Release|Any CPU
		{94A50290-380B-481B-A7C8-9F4B16724861}.Release|x64.Build.0 = Release|Any CPU
		{94A50290-380B-481B-A7C8-9F4B16724861}.Release|x86.ActiveCfg = Release|Any CPU
		{94A50290-380B-481B-A7C8-9F4B16724861}.Release|x86.Build.0 = Release|Any CPU
		{53EBD0C6-4A5A-4757-9DED-FF83261E512D}.Debug|Any CPU.ActiveCfg = Debug|Any CPU
		{53EBD0C6-4A5A-4757-9DED-FF83261E512D}.Debug|Any CPU.Build.0 = Debug|Any CPU
		{53EBD0C6-4A5A-4757-9DED-FF83261E512D}.Debug|x64.ActiveCfg = Debug|Any CPU
		{53EBD0C6-4A5A-4757-9DED-FF83261E512D}.Debug|x64.Build.0 = Debug|Any CPU
		{53EBD0C6-4A5A-4757-9DED-FF83261E512D}.Debug|x86.ActiveCfg = Debug|Any CPU
		{53EBD0C6-4A5A-4757-9DED-FF83261E512D}.Debug|x86.Build.0 = Debug|Any CPU
		{53EBD0C6-4A5A-4757-9DED-FF83261E512D}.Release|Any CPU.ActiveCfg = Release|Any CPU
		{53EBD0C6-4A5A-4757-9DED-FF83261E512D}.Release|Any CPU.Build.0 = Release|Any CPU
		{53EBD0C6-4A5A-4757-9DED-FF83261E512D}.Release|x64.ActiveCfg = Release|Any CPU
		{53EBD0C6-4A5A-4757-9DED-FF83261E512D}.Release|x64.Build.0 = Release|Any CPU
		{53EBD0C6-4A5A-4757-9DED-FF83261E512D}.Release|x86.ActiveCfg = Release|Any CPU
		{53EBD0C6-4A5A-4757-9DED-FF83261E512D}.Release|x86.Build.0 = Release|Any CPU
		{C9AFFC33-40EB-4004-AC7C-FCF769B23BC5}.Debug|Any CPU.ActiveCfg = Debug|Any CPU
		{C9AFFC33-40EB-4004-AC7C-FCF769B23BC5}.Debug|Any CPU.Build.0 = Debug|Any CPU
		{C9AFFC33-40EB-4004-AC7C-FCF769B23BC5}.Debug|x64.ActiveCfg = Debug|Any CPU
		{C9AFFC33-40EB-4004-AC7C-FCF769B23BC5}.Debug|x64.Build.0 = Debug|Any CPU
		{C9AFFC33-40EB-4004-AC7C-FCF769B23BC5}.Debug|x86.ActiveCfg = Debug|Any CPU
		{C9AFFC33-40EB-4004-AC7C-FCF769B23BC5}.Debug|x86.Build.0 = Debug|Any CPU
		{C9AFFC33-40EB-4004-AC7C-FCF769B23BC5}.Release|Any CPU.ActiveCfg = Release|Any CPU
		{C9AFFC33-40EB-4004-AC7C-FCF769B23BC5}.Release|Any CPU.Build.0 = Release|Any CPU
		{C9AFFC33-40EB-4004-AC7C-FCF769B23BC5}.Release|x64.ActiveCfg = Release|Any CPU
		{C9AFFC33-40EB-4004-AC7C-FCF769B23BC5}.Release|x64.Build.0 = Release|Any CPU
		{C9AFFC33-40EB-4004-AC7C-FCF769B23BC5}.Release|x86.ActiveCfg = Release|Any CPU
		{C9AFFC33-40EB-4004-AC7C-FCF769B23BC5}.Release|x86.Build.0 = Release|Any CPU
		{A4D291E9-DF0E-4CF3-9886-CDC5279EA885}.Debug|Any CPU.ActiveCfg = Debug|Any CPU
		{A4D291E9-DF0E-4CF3-9886-CDC5279EA885}.Debug|Any CPU.Build.0 = Debug|Any CPU
		{A4D291E9-DF0E-4CF3-9886-CDC5279EA885}.Debug|x64.ActiveCfg = Debug|Any CPU
		{A4D291E9-DF0E-4CF3-9886-CDC5279EA885}.Debug|x64.Build.0 = Debug|Any CPU
		{A4D291E9-DF0E-4CF3-9886-CDC5279EA885}.Debug|x86.ActiveCfg = Debug|Any CPU
		{A4D291E9-DF0E-4CF3-9886-CDC5279EA885}.Debug|x86.Build.0 = Debug|Any CPU
		{A4D291E9-DF0E-4CF3-9886-CDC5279EA885}.Release|Any CPU.ActiveCfg = Release|Any CPU
		{A4D291E9-DF0E-4CF3-9886-CDC5279EA885}.Release|Any CPU.Build.0 = Release|Any CPU
		{A4D291E9-DF0E-4CF3-9886-CDC5279EA885}.Release|x64.ActiveCfg = Release|Any CPU
		{A4D291E9-DF0E-4CF3-9886-CDC5279EA885}.Release|x64.Build.0 = Release|Any CPU
		{A4D291E9-DF0E-4CF3-9886-CDC5279EA885}.Release|x86.ActiveCfg = Release|Any CPU
		{A4D291E9-DF0E-4CF3-9886-CDC5279EA885}.Release|x86.Build.0 = Release|Any CPU
		{AEB33C32-4B0A-4052-A356-C83B262EC510}.Debug|Any CPU.ActiveCfg = Debug|Any CPU
		{AEB33C32-4B0A-4052-A356-C83B262EC510}.Debug|Any CPU.Build.0 = Debug|Any CPU
		{AEB33C32-4B0A-4052-A356-C83B262EC510}.Debug|x64.ActiveCfg = Debug|Any CPU
		{AEB33C32-4B0A-4052-A356-C83B262EC510}.Debug|x64.Build.0 = Debug|Any CPU
		{AEB33C32-4B0A-4052-A356-C83B262EC510}.Debug|x86.ActiveCfg = Debug|Any CPU
		{AEB33C32-4B0A-4052-A356-C83B262EC510}.Debug|x86.Build.0 = Debug|Any CPU
		{AEB33C32-4B0A-4052-A356-C83B262EC510}.Release|Any CPU.ActiveCfg = Release|Any CPU
		{AEB33C32-4B0A-4052-A356-C83B262EC510}.Release|Any CPU.Build.0 = Release|Any CPU
		{AEB33C32-4B0A-4052-A356-C83B262EC510}.Release|x64.ActiveCfg = Release|Any CPU
		{AEB33C32-4B0A-4052-A356-C83B262EC510}.Release|x64.Build.0 = Release|Any CPU
		{AEB33C32-4B0A-4052-A356-C83B262EC510}.Release|x86.ActiveCfg = Release|Any CPU
		{AEB33C32-4B0A-4052-A356-C83B262EC510}.Release|x86.Build.0 = Release|Any CPU
		{0251B7F3-9F7C-419B-9986-8DB06E217660}.Debug|Any CPU.ActiveCfg = Debug|Any CPU
		{0251B7F3-9F7C-419B-9986-8DB06E217660}.Debug|Any CPU.Build.0 = Debug|Any CPU
		{0251B7F3-9F7C-419B-9986-8DB06E217660}.Debug|x64.ActiveCfg = Debug|Any CPU
		{0251B7F3-9F7C-419B-9986-8DB06E217660}.Debug|x64.Build.0 = Debug|Any CPU
		{0251B7F3-9F7C-419B-9986-8DB06E217660}.Debug|x86.ActiveCfg = Debug|Any CPU
		{0251B7F3-9F7C-419B-9986-8DB06E217660}.Debug|x86.Build.0 = Debug|Any CPU
		{0251B7F3-9F7C-419B-9986-8DB06E217660}.Release|Any CPU.ActiveCfg = Release|Any CPU
		{0251B7F3-9F7C-419B-9986-8DB06E217660}.Release|Any CPU.Build.0 = Release|Any CPU
		{0251B7F3-9F7C-419B-9986-8DB06E217660}.Release|x64.ActiveCfg = Release|Any CPU
		{0251B7F3-9F7C-419B-9986-8DB06E217660}.Release|x64.Build.0 = Release|Any CPU
		{0251B7F3-9F7C-419B-9986-8DB06E217660}.Release|x86.ActiveCfg = Release|Any CPU
		{0251B7F3-9F7C-419B-9986-8DB06E217660}.Release|x86.Build.0 = Release|Any CPU
		{DAE3FCFC-E022-40D7-AA59-9C7F22A3966C}.Debug|Any CPU.ActiveCfg = Debug|Any CPU
		{DAE3FCFC-E022-40D7-AA59-9C7F22A3966C}.Debug|Any CPU.Build.0 = Debug|Any CPU
		{DAE3FCFC-E022-40D7-AA59-9C7F22A3966C}.Debug|x64.ActiveCfg = Debug|Any CPU
		{DAE3FCFC-E022-40D7-AA59-9C7F22A3966C}.Debug|x64.Build.0 = Debug|Any CPU
		{DAE3FCFC-E022-40D7-AA59-9C7F22A3966C}.Debug|x86.ActiveCfg = Debug|Any CPU
		{DAE3FCFC-E022-40D7-AA59-9C7F22A3966C}.Debug|x86.Build.0 = Debug|Any CPU
		{DAE3FCFC-E022-40D7-AA59-9C7F22A3966C}.Release|Any CPU.ActiveCfg = Release|Any CPU
		{DAE3FCFC-E022-40D7-AA59-9C7F22A3966C}.Release|Any CPU.Build.0 = Release|Any CPU
		{DAE3FCFC-E022-40D7-AA59-9C7F22A3966C}.Release|x64.ActiveCfg = Release|Any CPU
		{DAE3FCFC-E022-40D7-AA59-9C7F22A3966C}.Release|x64.Build.0 = Release|Any CPU
		{DAE3FCFC-E022-40D7-AA59-9C7F22A3966C}.Release|x86.ActiveCfg = Release|Any CPU
		{DAE3FCFC-E022-40D7-AA59-9C7F22A3966C}.Release|x86.Build.0 = Release|Any CPU
		{9652BF31-584F-4840-8506-965CA2997E3F}.Debug|Any CPU.ActiveCfg = Debug|Any CPU
		{9652BF31-584F-4840-8506-965CA2997E3F}.Debug|Any CPU.Build.0 = Debug|Any CPU
		{9652BF31-584F-4840-8506-965CA2997E3F}.Debug|x64.ActiveCfg = Debug|Any CPU
		{9652BF31-584F-4840-8506-965CA2997E3F}.Debug|x64.Build.0 = Debug|Any CPU
		{9652BF31-584F-4840-8506-965CA2997E3F}.Debug|x86.ActiveCfg = Debug|Any CPU
		{9652BF31-584F-4840-8506-965CA2997E3F}.Debug|x86.Build.0 = Debug|Any CPU
		{9652BF31-584F-4840-8506-965CA2997E3F}.Release|Any CPU.ActiveCfg = Release|Any CPU
		{9652BF31-584F-4840-8506-965CA2997E3F}.Release|Any CPU.Build.0 = Release|Any CPU
		{9652BF31-584F-4840-8506-965CA2997E3F}.Release|x64.ActiveCfg = Release|Any CPU
		{9652BF31-584F-4840-8506-965CA2997E3F}.Release|x64.Build.0 = Release|Any CPU
		{9652BF31-584F-4840-8506-965CA2997E3F}.Release|x86.ActiveCfg = Release|Any CPU
		{9652BF31-584F-4840-8506-965CA2997E3F}.Release|x86.Build.0 = Release|Any CPU
		{707AA2A6-E806-4465-997E-FE90F8016617}.Debug|Any CPU.ActiveCfg = Debug|Any CPU
		{707AA2A6-E806-4465-997E-FE90F8016617}.Debug|Any CPU.Build.0 = Debug|Any CPU
		{707AA2A6-E806-4465-997E-FE90F8016617}.Debug|x64.ActiveCfg = Debug|Any CPU
		{707AA2A6-E806-4465-997E-FE90F8016617}.Debug|x64.Build.0 = Debug|Any CPU
		{707AA2A6-E806-4465-997E-FE90F8016617}.Debug|x86.ActiveCfg = Debug|Any CPU
		{707AA2A6-E806-4465-997E-FE90F8016617}.Debug|x86.Build.0 = Debug|Any CPU
		{707AA2A6-E806-4465-997E-FE90F8016617}.Release|Any CPU.ActiveCfg = Release|Any CPU
		{707AA2A6-E806-4465-997E-FE90F8016617}.Release|Any CPU.Build.0 = Release|Any CPU
		{707AA2A6-E806-4465-997E-FE90F8016617}.Release|x64.ActiveCfg = Release|Any CPU
		{707AA2A6-E806-4465-997E-FE90F8016617}.Release|x64.Build.0 = Release|Any CPU
		{707AA2A6-E806-4465-997E-FE90F8016617}.Release|x86.ActiveCfg = Release|Any CPU
		{707AA2A6-E806-4465-997E-FE90F8016617}.Release|x86.Build.0 = Release|Any CPU
		{D2D67AC0-ABEF-4D11-AA31-EF5F165C0A87}.Debug|Any CPU.ActiveCfg = Debug|Any CPU
		{D2D67AC0-ABEF-4D11-AA31-EF5F165C0A87}.Debug|Any CPU.Build.0 = Debug|Any CPU
		{D2D67AC0-ABEF-4D11-AA31-EF5F165C0A87}.Debug|x64.ActiveCfg = Debug|Any CPU
		{D2D67AC0-ABEF-4D11-AA31-EF5F165C0A87}.Debug|x64.Build.0 = Debug|Any CPU
		{D2D67AC0-ABEF-4D11-AA31-EF5F165C0A87}.Debug|x86.ActiveCfg = Debug|Any CPU
		{D2D67AC0-ABEF-4D11-AA31-EF5F165C0A87}.Debug|x86.Build.0 = Debug|Any CPU
		{D2D67AC0-ABEF-4D11-AA31-EF5F165C0A87}.Release|Any CPU.ActiveCfg = Release|Any CPU
		{D2D67AC0-ABEF-4D11-AA31-EF5F165C0A87}.Release|Any CPU.Build.0 = Release|Any CPU
		{D2D67AC0-ABEF-4D11-AA31-EF5F165C0A87}.Release|x64.ActiveCfg = Release|Any CPU
		{D2D67AC0-ABEF-4D11-AA31-EF5F165C0A87}.Release|x64.Build.0 = Release|Any CPU
		{D2D67AC0-ABEF-4D11-AA31-EF5F165C0A87}.Release|x86.ActiveCfg = Release|Any CPU
		{D2D67AC0-ABEF-4D11-AA31-EF5F165C0A87}.Release|x86.Build.0 = Release|Any CPU
		{9CF8919F-DD43-4683-9F59-E6900C177D63}.Debug|Any CPU.ActiveCfg = Debug|Any CPU
		{9CF8919F-DD43-4683-9F59-E6900C177D63}.Debug|Any CPU.Build.0 = Debug|Any CPU
		{9CF8919F-DD43-4683-9F59-E6900C177D63}.Debug|x64.ActiveCfg = Debug|Any CPU
		{9CF8919F-DD43-4683-9F59-E6900C177D63}.Debug|x64.Build.0 = Debug|Any CPU
		{9CF8919F-DD43-4683-9F59-E6900C177D63}.Debug|x86.ActiveCfg = Debug|Any CPU
		{9CF8919F-DD43-4683-9F59-E6900C177D63}.Debug|x86.Build.0 = Debug|Any CPU
		{9CF8919F-DD43-4683-9F59-E6900C177D63}.Release|Any CPU.ActiveCfg = Release|Any CPU
		{9CF8919F-DD43-4683-9F59-E6900C177D63}.Release|Any CPU.Build.0 = Release|Any CPU
		{9CF8919F-DD43-4683-9F59-E6900C177D63}.Release|x64.ActiveCfg = Release|Any CPU
		{9CF8919F-DD43-4683-9F59-E6900C177D63}.Release|x64.Build.0 = Release|Any CPU
		{9CF8919F-DD43-4683-9F59-E6900C177D63}.Release|x86.ActiveCfg = Release|Any CPU
		{9CF8919F-DD43-4683-9F59-E6900C177D63}.Release|x86.Build.0 = Release|Any CPU
	EndGlobalSection
	GlobalSection(SolutionProperties) = preSolution
		HideSolutionNode = FALSE
	EndGlobalSection
	GlobalSection(NestedProjects) = preSolution
		{E1E88DBF-178A-48C4-AB51-150311AB4B53} = {66A0AFF6-1C43-497B-8B22-E794AD64EB76}
		{C497E509-086B-4205-8D13-AB3851FA7FAB} = {66A0AFF6-1C43-497B-8B22-E794AD64EB76}
		{F6C2F7D4-D9B8-472D-B9B9-70ABBACAAF16} = {66A0AFF6-1C43-497B-8B22-E794AD64EB76}
		{ED5AC97E-0DDD-471F-A134-771FC1BA14AE} = {66A0AFF6-1C43-497B-8B22-E794AD64EB76}
		{D8118094-3B7B-445C-8A59-6262C2F26D5A} = {66A0AFF6-1C43-497B-8B22-E794AD64EB76}
		{0A0FE624-DA17-428C-AEB9-DCEE76AEAEF0} = {66A0AFF6-1C43-497B-8B22-E794AD64EB76}
		{644CA59A-D173-4E60-BCEA-41752754803A} = {66A0AFF6-1C43-497B-8B22-E794AD64EB76}
		{D009F01F-B69F-4946-8319-3BAA7E9CBAD4} = {66A0AFF6-1C43-497B-8B22-E794AD64EB76}
		{5E4E446E-5D71-47DE-8D33-C23F44C826B9} = {66A0AFF6-1C43-497B-8B22-E794AD64EB76}
		{3C661864-1A09-4DCB-A05F-47A5663019A5} = {66A0AFF6-1C43-497B-8B22-E794AD64EB76}
		{04A96CB0-62ED-40E1-AC1E-ACF139021B63} = {66A0AFF6-1C43-497B-8B22-E794AD64EB76}
		{58C888B8-3BAE-4159-BE83-97885BEC32E0} = {66A0AFF6-1C43-497B-8B22-E794AD64EB76}
		{DB2143DF-94DA-46DD-A920-16000591E4E8} = {66A0AFF6-1C43-497B-8B22-E794AD64EB76}
		{BD6FD1C0-6C03-4C14-BC31-E00035B46917} = {66A0AFF6-1C43-497B-8B22-E794AD64EB76}
		{C1B2D96D-6EE0-4FF4-A7CF-6DA70CEFB1FF} = {66A0AFF6-1C43-497B-8B22-E794AD64EB76}
		{3DCE9F4B-F598-4FD1-857B-92A45711146E} = {66A0AFF6-1C43-497B-8B22-E794AD64EB76}
		{4293E963-0262-474F-9D7A-139585DFE3DE} = {66A0AFF6-1C43-497B-8B22-E794AD64EB76}
		{94A50290-380B-481B-A7C8-9F4B16724861} = {66A0AFF6-1C43-497B-8B22-E794AD64EB76}
		{53EBD0C6-4A5A-4757-9DED-FF83261E512D} = {66A0AFF6-1C43-497B-8B22-E794AD64EB76}
		{C9AFFC33-40EB-4004-AC7C-FCF769B23BC5} = {66A0AFF6-1C43-497B-8B22-E794AD64EB76}
		{A4D291E9-DF0E-4CF3-9886-CDC5279EA885} = {66A0AFF6-1C43-497B-8B22-E794AD64EB76}
		{AEB33C32-4B0A-4052-A356-C83B262EC510} = {66A0AFF6-1C43-497B-8B22-E794AD64EB76}
		{0251B7F3-9F7C-419B-9986-8DB06E217660} = {66A0AFF6-1C43-497B-8B22-E794AD64EB76}
		{DAE3FCFC-E022-40D7-AA59-9C7F22A3966C} = {66A0AFF6-1C43-497B-8B22-E794AD64EB76}
		{9652BF31-584F-4840-8506-965CA2997E3F} = {66A0AFF6-1C43-497B-8B22-E794AD64EB76}
		{707AA2A6-E806-4465-997E-FE90F8016617} = {66A0AFF6-1C43-497B-8B22-E794AD64EB76}
		{D2D67AC0-ABEF-4D11-AA31-EF5F165C0A87} = {66A0AFF6-1C43-497B-8B22-E794AD64EB76}
		{9CF8919F-DD43-4683-9F59-E6900C177D63} = {66A0AFF6-1C43-497B-8B22-E794AD64EB76}
	EndGlobalSection
	GlobalSection(ExtensibilityGlobals) = postSolution
		SolutionGuid = {F49A0C37-02AB-4F3A-B8EF-919E9A78D804}
	EndGlobalSection
EndGlobal
