
Microsoft Visual Studio Solution File, Format Version 12.00
# Visual Studio Version 16
VisualStudioVersion = 16.6.30114.105
MinimumVisualStudioVersion = 10.0.40219.1
Project("{FAE04EC0-301F-11D3-BF4B-00C04F79EFBC}") = "R5T.D0113.Base", "R5T.D0113.Base\R5T.D0113.Base.csproj", "{E2E5F4C9-3B20-44F7-9025-4E27EFB22970}"
EndProject
Project("{2150E333-8FDC-42A3-9474-1A3956D46DE8}") = "_Dependencies", "_Dependencies", "{66A0AFF6-1C43-497B-8B22-E794AD64EB76}"
EndProject
Project("{FAE04EC0-301F-11D3-BF4B-00C04F79EFBC}") = "R5T.Dacia.T002", "..\..\R5T.Dacia\source\R5T.Dacia.T002\R5T.Dacia.T002.csproj", "{F734F4C2-5319-4F66-9EF2-B5E35ADEE9A3}"
EndProject
Project("{FAE04EC0-301F-11D3-BF4B-00C04F79EFBC}") = "R5T.D0113.I001", "R5T.D0113.I001\R5T.D0113.I001.csproj", "{8FD58952-FF8F-4E26-BBA0-7F7DDF9FEF7F}"
EndProject
Project("{FAE04EC0-301F-11D3-BF4B-00C04F79EFBC}") = "R5T.Dacia.Extensions", "..\..\R5T.Dacia.Extensions\source\R5T.Dacia.Extensions\R5T.Dacia.Extensions.csproj", "{225932D1-E180-4A8A-B87E-C47B4A0DB309}"
EndProject
Global
	GlobalSection(SolutionConfigurationPlatforms) = preSolution
		Debug|Any CPU = Debug|Any CPU
		Debug|x64 = Debug|x64
		Debug|x86 = Debug|x86
		Release|Any CPU = Release|Any CPU
		Release|x64 = Release|x64
		Release|x86 = Release|x86
	EndGlobalSection
	GlobalSection(SolutionProperties) = preSolution
		HideSolutionNode = FALSE
	EndGlobalSection
	GlobalSection(ProjectConfigurationPlatforms) = postSolution
		{E2E5F4C9-3B20-44F7-9025-4E27EFB22970}.Debug|Any CPU.ActiveCfg = Debug|Any CPU
		{E2E5F4C9-3B20-44F7-9025-4E27EFB22970}.Debug|Any CPU.Build.0 = Debug|Any CPU
		{E2E5F4C9-3B20-44F7-9025-4E27EFB22970}.Debug|x64.ActiveCfg = Debug|Any CPU
		{E2E5F4C9-3B20-44F7-9025-4E27EFB22970}.Debug|x64.Build.0 = Debug|Any CPU
		{E2E5F4C9-3B20-44F7-9025-4E27EFB22970}.Debug|x86.ActiveCfg = Debug|Any CPU
		{E2E5F4C9-3B20-44F7-9025-4E27EFB22970}.Debug|x86.Build.0 = Debug|Any CPU
		{E2E5F4C9-3B20-44F7-9025-4E27EFB22970}.Release|Any CPU.ActiveCfg = Release|Any CPU
		{E2E5F4C9-3B20-44F7-9025-4E27EFB22970}.Release|Any CPU.Build.0 = Release|Any CPU
		{E2E5F4C9-3B20-44F7-9025-4E27EFB22970}.Release|x64.ActiveCfg = Release|Any CPU
		{E2E5F4C9-3B20-44F7-9025-4E27EFB22970}.Release|x64.Build.0 = Release|Any CPU
		{E2E5F4C9-3B20-44F7-9025-4E27EFB22970}.Release|x86.ActiveCfg = Release|Any CPU
		{E2E5F4C9-3B20-44F7-9025-4E27EFB22970}.Release|x86.Build.0 = Release|Any CPU
		{F734F4C2-5319-4F66-9EF2-B5E35ADEE9A3}.Debug|Any CPU.ActiveCfg = Debug|Any CPU
		{F734F4C2-5319-4F66-9EF2-B5E35ADEE9A3}.Debug|Any CPU.Build.0 = Debug|Any CPU
		{F734F4C2-5319-4F66-9EF2-B5E35ADEE9A3}.Debug|x64.ActiveCfg = Debug|Any CPU
		{F734F4C2-5319-4F66-9EF2-B5E35ADEE9A3}.Debug|x64.Build.0 = Debug|Any CPU
		{F734F4C2-5319-4F66-9EF2-B5E35ADEE9A3}.Debug|x86.ActiveCfg = Debug|Any CPU
		{F734F4C2-5319-4F66-9EF2-B5E35ADEE9A3}.Debug|x86.Build.0 = Debug|Any CPU
		{F734F4C2-5319-4F66-9EF2-B5E35ADEE9A3}.Release|Any CPU.ActiveCfg = Release|Any CPU
		{F734F4C2-5319-4F66-9EF2-B5E35ADEE9A3}.Release|Any CPU.Build.0 = Release|Any CPU
		{F734F4C2-5319-4F66-9EF2-B5E35ADEE9A3}.Release|x64.ActiveCfg = Release|Any CPU
		{F734F4C2-5319-4F66-9EF2-B5E35ADEE9A3}.Release|x64.Build.0 = Release|Any CPU
		{F734F4C2-5319-4F66-9EF2-B5E35ADEE9A3}.Release|x86.ActiveCfg = Release|Any CPU
		{F734F4C2-5319-4F66-9EF2-B5E35ADEE9A3}.Release|x86.Build.0 = Release|Any CPU
		{8FD58952-FF8F-4E26-BBA0-7F7DDF9FEF7F}.Debug|Any CPU.ActiveCfg = Debug|Any CPU
		{8FD58952-FF8F-4E26-BBA0-7F7DDF9FEF7F}.Debug|Any CPU.Build.0 = Debug|Any CPU
		{8FD58952-FF8F-4E26-BBA0-7F7DDF9FEF7F}.Debug|x64.ActiveCfg = Debug|Any CPU
		{8FD58952-FF8F-4E26-BBA0-7F7DDF9FEF7F}.Debug|x64.Build.0 = Debug|Any CPU
		{8FD58952-FF8F-4E26-BBA0-7F7DDF9FEF7F}.Debug|x86.ActiveCfg = Debug|Any CPU
		{8FD58952-FF8F-4E26-BBA0-7F7DDF9FEF7F}.Debug|x86.Build.0 = Debug|Any CPU
		{8FD58952-FF8F-4E26-BBA0-7F7DDF9FEF7F}.Release|Any CPU.ActiveCfg = Release|Any CPU
		{8FD58952-FF8F-4E26-BBA0-7F7DDF9FEF7F}.Release|Any CPU.Build.0 = Release|Any CPU
		{8FD58952-FF8F-4E26-BBA0-7F7DDF9FEF7F}.Release|x64.ActiveCfg = Release|Any CPU
		{8FD58952-FF8F-4E26-BBA0-7F7DDF9FEF7F}.Release|x64.Build.0 = Release|Any CPU
		{8FD58952-FF8F-4E26-BBA0-7F7DDF9FEF7F}.Release|x86.ActiveCfg = Release|Any CPU
		{8FD58952-FF8F-4E26-BBA0-7F7DDF9FEF7F}.Release|x86.Build.0 = Release|Any CPU
		{225932D1-E180-4A8A-B87E-C47B4A0DB309}.Debug|Any CPU.ActiveCfg = Debug|Any CPU
		{225932D1-E180-4A8A-B87E-C47B4A0DB309}.Debug|Any CPU.Build.0 = Debug|Any CPU
		{225932D1-E180-4A8A-B87E-C47B4A0DB309}.Debug|x64.ActiveCfg = Debug|Any CPU
		{225932D1-E180-4A8A-B87E-C47B4A0DB309}.Debug|x64.Build.0 = Debug|Any CPU
		{225932D1-E180-4A8A-B87E-C47B4A0DB309}.Debug|x86.ActiveCfg = Debug|Any CPU
		{225932D1-E180-4A8A-B87E-C47B4A0DB309}.Debug|x86.Build.0 = Debug|Any CPU
		{225932D1-E180-4A8A-B87E-C47B4A0DB309}.Release|Any CPU.ActiveCfg = Release|Any CPU
		{225932D1-E180-4A8A-B87E-C47B4A0DB309}.Release|Any CPU.Build.0 = Release|Any CPU
		{225932D1-E180-4A8A-B87E-C47B4A0DB309}.Release|x64.ActiveCfg = Release|Any CPU
		{225932D1-E180-4A8A-B87E-C47B4A0DB309}.Release|x64.Build.0 = Release|Any CPU
		{225932D1-E180-4A8A-B87E-C47B4A0DB309}.Release|x86.ActiveCfg = Release|Any CPU
		{225932D1-E180-4A8A-B87E-C47B4A0DB309}.Release|x86.Build.0 = Release|Any CPU
	EndGlobalSection
	GlobalSection(NestedProjects) = preSolution
		{F734F4C2-5319-4F66-9EF2-B5E35ADEE9A3} = {66A0AFF6-1C43-497B-8B22-E794AD64EB76}
		{225932D1-E180-4A8A-B87E-C47B4A0DB309} = {66A0AFF6-1C43-497B-8B22-E794AD64EB76}
	EndGlobalSection
EndGlobal
